
Microsoft Visual Studio Solution File, Format Version 12.00
# Visual Studio 15
VisualStudioVersion = 15.0.27703.2035
MinimumVisualStudioVersion = 10.0.40219.1
Project("{FAE04EC0-301F-11D3-BF4B-00C04F79EFBC}") = "BMC,Security.Guard", "BMC,Security.Guard\BMC,Security.Guard.csproj", "{829DCFAC-F2CC-4BFF-BBB4-677DF405FCBD}"
EndProject
Project("{FAE04EC0-301F-11D3-BF4B-00C04F79EFBC}") = "TestApp", "TestApp\TestApp.csproj", "{8378C472-EF05-440A-B010-89C9AFAE2D2E}"
EndProject
Project("{9A19103F-16F7-4668-BE54-9A1E7A4F7556}") = "BMC.Security.Models", "BMC.Security.Models\BMC.Security.Models.csproj", "{1D7CD259-D7D3-4A2F-87CE-2A9714EED9D3}"
EndProject
Project("{FAE04EC0-301F-11D3-BF4B-00C04F79EFBC}") = "BMC.Security.Web", "BMC.Security.Web\BMC.Security.Web.csproj", "{37C14745-312D-4E67-BF6C-465ACDDD9BAB}"
EndProject
Project("{9A19103F-16F7-4668-BE54-9A1E7A4F7556}") = "BMC.Security.CCTV", "BMC.Security.CCTV\BMC.Security.CCTV.csproj", "{7B9CF420-E6EE-491E-8481-492E9E888BEB}"
EndProject
Project("{FAE04EC0-301F-11D3-BF4B-00C04F79EFBC}") = "BMC.Security.Gateway", "BMC.Security.Gateway\BMC.Security.Gateway.csproj", "{C48C8A15-165B-4C05-BDE9-BBF01CF11310}"
EndProject
Project("{FAE04EC0-301F-11D3-BF4B-00C04F79EFBC}") = "BMC.Sarah", "BMC.Sarah\BMC.Sarah.csproj", "{0E5DC4CC-DF52-4E47-9FA8-8EDF766F85C4}"
EndProject
Project("{FAE04EC0-301F-11D3-BF4B-00C04F79EFBC}") = "SarahApp", "BMC.Sarah.Old\SarahApp\SarahApp.csproj", "{5EC68D36-B6CB-4F79-AE78-143E6B58B0B4}"
EndProject
Project("{FAE04EC0-301F-11D3-BF4B-00C04F79EFBC}") = "BMC.Mqtt", "BMC.Mqtt\BMC.Mqtt.csproj", "{80F4360C-7D44-4D47-BA6C-D56FDDDB5DAB}"
EndProject
Global
	GlobalSection(SolutionConfigurationPlatforms) = preSolution
		Debug|Any CPU = Debug|Any CPU
		Debug|ARM = Debug|ARM
		Debug|ARM64 = Debug|ARM64
		Debug|x64 = Debug|x64
		Debug|x86 = Debug|x86
		Release|Any CPU = Release|Any CPU
		Release|ARM = Release|ARM
		Release|ARM64 = Release|ARM64
		Release|x64 = Release|x64
		Release|x86 = Release|x86
	EndGlobalSection
	GlobalSection(ProjectConfigurationPlatforms) = postSolution
		{829DCFAC-F2CC-4BFF-BBB4-677DF405FCBD}.Debug|Any CPU.ActiveCfg = Debug|x86
		{829DCFAC-F2CC-4BFF-BBB4-677DF405FCBD}.Debug|ARM.ActiveCfg = Debug|ARM
		{829DCFAC-F2CC-4BFF-BBB4-677DF405FCBD}.Debug|ARM.Build.0 = Debug|ARM
		{829DCFAC-F2CC-4BFF-BBB4-677DF405FCBD}.Debug|ARM.Deploy.0 = Debug|ARM
		{829DCFAC-F2CC-4BFF-BBB4-677DF405FCBD}.Debug|ARM64.ActiveCfg = Debug|x86
		{829DCFAC-F2CC-4BFF-BBB4-677DF405FCBD}.Debug|x64.ActiveCfg = Debug|x64
		{829DCFAC-F2CC-4BFF-BBB4-677DF405FCBD}.Debug|x64.Build.0 = Debug|x64
		{829DCFAC-F2CC-4BFF-BBB4-677DF405FCBD}.Debug|x64.Deploy.0 = Debug|x64
		{829DCFAC-F2CC-4BFF-BBB4-677DF405FCBD}.Debug|x86.ActiveCfg = Debug|x86
		{829DCFAC-F2CC-4BFF-BBB4-677DF405FCBD}.Debug|x86.Build.0 = Debug|x86
		{829DCFAC-F2CC-4BFF-BBB4-677DF405FCBD}.Debug|x86.Deploy.0 = Debug|x86
		{829DCFAC-F2CC-4BFF-BBB4-677DF405FCBD}.Release|Any CPU.ActiveCfg = Release|x86
		{829DCFAC-F2CC-4BFF-BBB4-677DF405FCBD}.Release|ARM.ActiveCfg = Release|ARM
		{829DCFAC-F2CC-4BFF-BBB4-677DF405FCBD}.Release|ARM.Build.0 = Release|ARM
		{829DCFAC-F2CC-4BFF-BBB4-677DF405FCBD}.Release|ARM.Deploy.0 = Release|ARM
		{829DCFAC-F2CC-4BFF-BBB4-677DF405FCBD}.Release|ARM64.ActiveCfg = Release|x86
		{829DCFAC-F2CC-4BFF-BBB4-677DF405FCBD}.Release|x64.ActiveCfg = Release|x64
		{829DCFAC-F2CC-4BFF-BBB4-677DF405FCBD}.Release|x64.Build.0 = Release|x64
		{829DCFAC-F2CC-4BFF-BBB4-677DF405FCBD}.Release|x64.Deploy.0 = Release|x64
		{829DCFAC-F2CC-4BFF-BBB4-677DF405FCBD}.Release|x86.ActiveCfg = Release|x86
		{829DCFAC-F2CC-4BFF-BBB4-677DF405FCBD}.Release|x86.Build.0 = Release|x86
		{829DCFAC-F2CC-4BFF-BBB4-677DF405FCBD}.Release|x86.Deploy.0 = Release|x86
		{8378C472-EF05-440A-B010-89C9AFAE2D2E}.Debug|Any CPU.ActiveCfg = Debug|Any CPU
		{8378C472-EF05-440A-B010-89C9AFAE2D2E}.Debug|Any CPU.Build.0 = Debug|Any CPU
		{8378C472-EF05-440A-B010-89C9AFAE2D2E}.Debug|ARM.ActiveCfg = Debug|Any CPU
		{8378C472-EF05-440A-B010-89C9AFAE2D2E}.Debug|ARM.Build.0 = Debug|Any CPU
		{8378C472-EF05-440A-B010-89C9AFAE2D2E}.Debug|ARM64.ActiveCfg = Debug|Any CPU
		{8378C472-EF05-440A-B010-89C9AFAE2D2E}.Debug|ARM64.Build.0 = Debug|Any CPU
		{8378C472-EF05-440A-B010-89C9AFAE2D2E}.Debug|x64.ActiveCfg = Debug|Any CPU
		{8378C472-EF05-440A-B010-89C9AFAE2D2E}.Debug|x64.Build.0 = Debug|Any CPU
		{8378C472-EF05-440A-B010-89C9AFAE2D2E}.Debug|x86.ActiveCfg = Debug|Any CPU
		{8378C472-EF05-440A-B010-89C9AFAE2D2E}.Debug|x86.Build.0 = Debug|Any CPU
		{8378C472-EF05-440A-B010-89C9AFAE2D2E}.Release|Any CPU.ActiveCfg = Release|Any CPU
		{8378C472-EF05-440A-B010-89C9AFAE2D2E}.Release|Any CPU.Build.0 = Release|Any CPU
		{8378C472-EF05-440A-B010-89C9AFAE2D2E}.Release|ARM.ActiveCfg = Release|Any CPU
		{8378C472-EF05-440A-B010-89C9AFAE2D2E}.Release|ARM.Build.0 = Release|Any CPU
		{8378C472-EF05-440A-B010-89C9AFAE2D2E}.Release|ARM64.ActiveCfg = Release|Any CPU
		{8378C472-EF05-440A-B010-89C9AFAE2D2E}.Release|ARM64.Build.0 = Release|Any CPU
		{8378C472-EF05-440A-B010-89C9AFAE2D2E}.Release|x64.ActiveCfg = Release|Any CPU
		{8378C472-EF05-440A-B010-89C9AFAE2D2E}.Release|x64.Build.0 = Release|Any CPU
		{8378C472-EF05-440A-B010-89C9AFAE2D2E}.Release|x86.ActiveCfg = Release|Any CPU
		{8378C472-EF05-440A-B010-89C9AFAE2D2E}.Release|x86.Build.0 = Release|Any CPU
		{1D7CD259-D7D3-4A2F-87CE-2A9714EED9D3}.Debug|Any CPU.ActiveCfg = Debug|Any CPU
		{1D7CD259-D7D3-4A2F-87CE-2A9714EED9D3}.Debug|Any CPU.Build.0 = Debug|Any CPU
		{1D7CD259-D7D3-4A2F-87CE-2A9714EED9D3}.Debug|ARM.ActiveCfg = Debug|Any CPU
		{1D7CD259-D7D3-4A2F-87CE-2A9714EED9D3}.Debug|ARM.Build.0 = Debug|Any CPU
		{1D7CD259-D7D3-4A2F-87CE-2A9714EED9D3}.Debug|ARM64.ActiveCfg = Debug|Any CPU
		{1D7CD259-D7D3-4A2F-87CE-2A9714EED9D3}.Debug|ARM64.Build.0 = Debug|Any CPU
		{1D7CD259-D7D3-4A2F-87CE-2A9714EED9D3}.Debug|x64.ActiveCfg = Debug|Any CPU
		{1D7CD259-D7D3-4A2F-87CE-2A9714EED9D3}.Debug|x64.Build.0 = Debug|Any CPU
		{1D7CD259-D7D3-4A2F-87CE-2A9714EED9D3}.Debug|x86.ActiveCfg = Debug|Any CPU
		{1D7CD259-D7D3-4A2F-87CE-2A9714EED9D3}.Debug|x86.Build.0 = Debug|Any CPU
		{1D7CD259-D7D3-4A2F-87CE-2A9714EED9D3}.Release|Any CPU.ActiveCfg = Release|Any CPU
		{1D7CD259-D7D3-4A2F-87CE-2A9714EED9D3}.Release|Any CPU.Build.0 = Release|Any CPU
		{1D7CD259-D7D3-4A2F-87CE-2A9714EED9D3}.Release|ARM.ActiveCfg = Release|Any CPU
		{1D7CD259-D7D3-4A2F-87CE-2A9714EED9D3}.Release|ARM.Build.0 = Release|Any CPU
		{1D7CD259-D7D3-4A2F-87CE-2A9714EED9D3}.Release|ARM64.ActiveCfg = Release|Any CPU
		{1D7CD259-D7D3-4A2F-87CE-2A9714EED9D3}.Release|ARM64.Build.0 = Release|Any CPU
		{1D7CD259-D7D3-4A2F-87CE-2A9714EED9D3}.Release|x64.ActiveCfg = Release|Any CPU
		{1D7CD259-D7D3-4A2F-87CE-2A9714EED9D3}.Release|x64.Build.0 = Release|Any CPU
		{1D7CD259-D7D3-4A2F-87CE-2A9714EED9D3}.Release|x86.ActiveCfg = Release|Any CPU
		{1D7CD259-D7D3-4A2F-87CE-2A9714EED9D3}.Release|x86.Build.0 = Release|Any CPU
		{37C14745-312D-4E67-BF6C-465ACDDD9BAB}.Debug|Any CPU.ActiveCfg = Debug|Any CPU
		{37C14745-312D-4E67-BF6C-465ACDDD9BAB}.Debug|Any CPU.Build.0 = Debug|Any CPU
		{37C14745-312D-4E67-BF6C-465ACDDD9BAB}.Debug|ARM.ActiveCfg = Debug|Any CPU
		{37C14745-312D-4E67-BF6C-465ACDDD9BAB}.Debug|ARM.Build.0 = Debug|Any CPU
		{37C14745-312D-4E67-BF6C-465ACDDD9BAB}.Debug|ARM64.ActiveCfg = Debug|Any CPU
		{37C14745-312D-4E67-BF6C-465ACDDD9BAB}.Debug|ARM64.Build.0 = Debug|Any CPU
		{37C14745-312D-4E67-BF6C-465ACDDD9BAB}.Debug|x64.ActiveCfg = Debug|Any CPU
		{37C14745-312D-4E67-BF6C-465ACDDD9BAB}.Debug|x64.Build.0 = Debug|Any CPU
		{37C14745-312D-4E67-BF6C-465ACDDD9BAB}.Debug|x86.ActiveCfg = Debug|Any CPU
		{37C14745-312D-4E67-BF6C-465ACDDD9BAB}.Debug|x86.Build.0 = Debug|Any CPU
		{37C14745-312D-4E67-BF6C-465ACDDD9BAB}.Release|Any CPU.ActiveCfg = Release|Any CPU
		{37C14745-312D-4E67-BF6C-465ACDDD9BAB}.Release|Any CPU.Build.0 = Release|Any CPU
		{37C14745-312D-4E67-BF6C-465ACDDD9BAB}.Release|ARM.ActiveCfg = Release|Any CPU
		{37C14745-312D-4E67-BF6C-465ACDDD9BAB}.Release|ARM.Build.0 = Release|Any CPU
		{37C14745-312D-4E67-BF6C-465ACDDD9BAB}.Release|ARM64.ActiveCfg = Release|Any CPU
		{37C14745-312D-4E67-BF6C-465ACDDD9BAB}.Release|ARM64.Build.0 = Release|Any CPU
		{37C14745-312D-4E67-BF6C-465ACDDD9BAB}.Release|x64.ActiveCfg = Release|Any CPU
		{37C14745-312D-4E67-BF6C-465ACDDD9BAB}.Release|x64.Build.0 = Release|Any CPU
		{37C14745-312D-4E67-BF6C-465ACDDD9BAB}.Release|x86.ActiveCfg = Release|Any CPU
		{37C14745-312D-4E67-BF6C-465ACDDD9BAB}.Release|x86.Build.0 = Release|Any CPU
		{7B9CF420-E6EE-491E-8481-492E9E888BEB}.Debug|Any CPU.ActiveCfg = Debug|Any CPU
		{7B9CF420-E6EE-491E-8481-492E9E888BEB}.Debug|Any CPU.Build.0 = Debug|Any CPU
		{7B9CF420-E6EE-491E-8481-492E9E888BEB}.Debug|ARM.ActiveCfg = Debug|Any CPU
		{7B9CF420-E6EE-491E-8481-492E9E888BEB}.Debug|ARM.Build.0 = Debug|Any CPU
		{7B9CF420-E6EE-491E-8481-492E9E888BEB}.Debug|ARM64.ActiveCfg = Debug|Any CPU
		{7B9CF420-E6EE-491E-8481-492E9E888BEB}.Debug|ARM64.Build.0 = Debug|Any CPU
		{7B9CF420-E6EE-491E-8481-492E9E888BEB}.Debug|x64.ActiveCfg = Debug|Any CPU
		{7B9CF420-E6EE-491E-8481-492E9E888BEB}.Debug|x64.Build.0 = Debug|Any CPU
		{7B9CF420-E6EE-491E-8481-492E9E888BEB}.Debug|x86.ActiveCfg = Debug|Any CPU
		{7B9CF420-E6EE-491E-8481-492E9E888BEB}.Debug|x86.Build.0 = Debug|Any CPU
		{7B9CF420-E6EE-491E-8481-492E9E888BEB}.Release|Any CPU.ActiveCfg = Release|Any CPU
		{7B9CF420-E6EE-491E-8481-492E9E888BEB}.Release|Any CPU.Build.0 = Release|Any CPU
		{7B9CF420-E6EE-491E-8481-492E9E888BEB}.Release|ARM.ActiveCfg = Release|Any CPU
		{7B9CF420-E6EE-491E-8481-492E9E888BEB}.Release|ARM.Build.0 = Release|Any CPU
		{7B9CF420-E6EE-491E-8481-492E9E888BEB}.Release|ARM64.ActiveCfg = Release|Any CPU
		{7B9CF420-E6EE-491E-8481-492E9E888BEB}.Release|ARM64.Build.0 = Release|Any CPU
		{7B9CF420-E6EE-491E-8481-492E9E888BEB}.Release|x64.ActiveCfg = Release|Any CPU
		{7B9CF420-E6EE-491E-8481-492E9E888BEB}.Release|x64.Build.0 = Release|Any CPU
		{7B9CF420-E6EE-491E-8481-492E9E888BEB}.Release|x86.ActiveCfg = Release|Any CPU
		{7B9CF420-E6EE-491E-8481-492E9E888BEB}.Release|x86.Build.0 = Release|Any CPU
		{C48C8A15-165B-4C05-BDE9-BBF01CF11310}.Debug|Any CPU.ActiveCfg = Debug|x86
		{C48C8A15-165B-4C05-BDE9-BBF01CF11310}.Debug|ARM.ActiveCfg = Debug|ARM
		{C48C8A15-165B-4C05-BDE9-BBF01CF11310}.Debug|ARM.Build.0 = Debug|ARM
		{C48C8A15-165B-4C05-BDE9-BBF01CF11310}.Debug|ARM.Deploy.0 = Debug|ARM
		{C48C8A15-165B-4C05-BDE9-BBF01CF11310}.Debug|ARM64.ActiveCfg = Debug|ARM64
		{C48C8A15-165B-4C05-BDE9-BBF01CF11310}.Debug|ARM64.Build.0 = Debug|ARM64
		{C48C8A15-165B-4C05-BDE9-BBF01CF11310}.Debug|ARM64.Deploy.0 = Debug|ARM64
		{C48C8A15-165B-4C05-BDE9-BBF01CF11310}.Debug|x64.ActiveCfg = Debug|x64
		{C48C8A15-165B-4C05-BDE9-BBF01CF11310}.Debug|x64.Build.0 = Debug|x64
		{C48C8A15-165B-4C05-BDE9-BBF01CF11310}.Debug|x64.Deploy.0 = Debug|x64
		{C48C8A15-165B-4C05-BDE9-BBF01CF11310}.Debug|x86.ActiveCfg = Debug|x86
		{C48C8A15-165B-4C05-BDE9-BBF01CF11310}.Debug|x86.Build.0 = Debug|x86
		{C48C8A15-165B-4C05-BDE9-BBF01CF11310}.Debug|x86.Deploy.0 = Debug|x86
		{C48C8A15-165B-4C05-BDE9-BBF01CF11310}.Release|Any CPU.ActiveCfg = Release|x86
		{C48C8A15-165B-4C05-BDE9-BBF01CF11310}.Release|ARM.ActiveCfg = Release|ARM
		{C48C8A15-165B-4C05-BDE9-BBF01CF11310}.Release|ARM.Build.0 = Release|ARM
		{C48C8A15-165B-4C05-BDE9-BBF01CF11310}.Release|ARM.Deploy.0 = Release|ARM
		{C48C8A15-165B-4C05-BDE9-BBF01CF11310}.Release|ARM64.ActiveCfg = Release|ARM64
		{C48C8A15-165B-4C05-BDE9-BBF01CF11310}.Release|ARM64.Build.0 = Release|ARM64
		{C48C8A15-165B-4C05-BDE9-BBF01CF11310}.Release|ARM64.Deploy.0 = Release|ARM64
		{C48C8A15-165B-4C05-BDE9-BBF01CF11310}.Release|x64.ActiveCfg = Release|x64
		{C48C8A15-165B-4C05-BDE9-BBF01CF11310}.Release|x64.Build.0 = Release|x64
		{C48C8A15-165B-4C05-BDE9-BBF01CF11310}.Release|x64.Deploy.0 = Release|x64
		{C48C8A15-165B-4C05-BDE9-BBF01CF11310}.Release|x86.ActiveCfg = Release|x86
		{C48C8A15-165B-4C05-BDE9-BBF01CF11310}.Release|x86.Build.0 = Release|x86
		{C48C8A15-165B-4C05-BDE9-BBF01CF11310}.Release|x86.Deploy.0 = Release|x86
		{0E5DC4CC-DF52-4E47-9FA8-8EDF766F85C4}.Debug|Any CPU.ActiveCfg = Debug|Any CPU
		{0E5DC4CC-DF52-4E47-9FA8-8EDF766F85C4}.Debug|Any CPU.Build.0 = Debug|Any CPU
		{0E5DC4CC-DF52-4E47-9FA8-8EDF766F85C4}.Debug|ARM.ActiveCfg = Debug|Any CPU
		{0E5DC4CC-DF52-4E47-9FA8-8EDF766F85C4}.Debug|ARM.Build.0 = Debug|Any CPU
		{0E5DC4CC-DF52-4E47-9FA8-8EDF766F85C4}.Debug|ARM64.ActiveCfg = Debug|Any CPU
		{0E5DC4CC-DF52-4E47-9FA8-8EDF766F85C4}.Debug|ARM64.Build.0 = Debug|Any CPU
		{0E5DC4CC-DF52-4E47-9FA8-8EDF766F85C4}.Debug|x64.ActiveCfg = Debug|Any CPU
		{0E5DC4CC-DF52-4E47-9FA8-8EDF766F85C4}.Debug|x64.Build.0 = Debug|Any CPU
		{0E5DC4CC-DF52-4E47-9FA8-8EDF766F85C4}.Debug|x86.ActiveCfg = Debug|Any CPU
		{0E5DC4CC-DF52-4E47-9FA8-8EDF766F85C4}.Debug|x86.Build.0 = Debug|Any CPU
		{0E5DC4CC-DF52-4E47-9FA8-8EDF766F85C4}.Release|Any CPU.ActiveCfg = Release|Any CPU
		{0E5DC4CC-DF52-4E47-9FA8-8EDF766F85C4}.Release|Any CPU.Build.0 = Release|Any CPU
		{0E5DC4CC-DF52-4E47-9FA8-8EDF766F85C4}.Release|ARM.ActiveCfg = Release|Any CPU
		{0E5DC4CC-DF52-4E47-9FA8-8EDF766F85C4}.Release|ARM.Build.0 = Release|Any CPU
		{0E5DC4CC-DF52-4E47-9FA8-8EDF766F85C4}.Release|ARM64.ActiveCfg = Release|Any CPU
		{0E5DC4CC-DF52-4E47-9FA8-8EDF766F85C4}.Release|ARM64.Build.0 = Release|Any CPU
		{0E5DC4CC-DF52-4E47-9FA8-8EDF766F85C4}.Release|x64.ActiveCfg = Release|Any CPU
		{0E5DC4CC-DF52-4E47-9FA8-8EDF766F85C4}.Release|x64.Build.0 = Release|Any CPU
		{0E5DC4CC-DF52-4E47-9FA8-8EDF766F85C4}.Release|x86.ActiveCfg = Release|Any CPU
		{0E5DC4CC-DF52-4E47-9FA8-8EDF766F85C4}.Release|x86.Build.0 = Release|Any CPU
		{5EC68D36-B6CB-4F79-AE78-143E6B58B0B4}.Debug|Any CPU.ActiveCfg = Debug|x86
		{5EC68D36-B6CB-4F79-AE78-143E6B58B0B4}.Debug|ARM.ActiveCfg = Debug|ARM
		{5EC68D36-B6CB-4F79-AE78-143E6B58B0B4}.Debug|ARM.Build.0 = Debug|ARM
		{5EC68D36-B6CB-4F79-AE78-143E6B58B0B4}.Debug|ARM.Deploy.0 = Debug|ARM
		{5EC68D36-B6CB-4F79-AE78-143E6B58B0B4}.Debug|ARM64.ActiveCfg = Debug|x86
		{5EC68D36-B6CB-4F79-AE78-143E6B58B0B4}.Debug|x64.ActiveCfg = Debug|x64
		{5EC68D36-B6CB-4F79-AE78-143E6B58B0B4}.Debug|x64.Build.0 = Debug|x64
		{5EC68D36-B6CB-4F79-AE78-143E6B58B0B4}.Debug|x64.Deploy.0 = Debug|x64
		{5EC68D36-B6CB-4F79-AE78-143E6B58B0B4}.Debug|x86.ActiveCfg = Debug|x86
		{5EC68D36-B6CB-4F79-AE78-143E6B58B0B4}.Debug|x86.Build.0 = Debug|x86
		{5EC68D36-B6CB-4F79-AE78-143E6B58B0B4}.Debug|x86.Deploy.0 = Debug|x86
		{5EC68D36-B6CB-4F79-AE78-143E6B58B0B4}.Release|Any CPU.ActiveCfg = Release|x86
		{5EC68D36-B6CB-4F79-AE78-143E6B58B0B4}.Release|ARM.ActiveCfg = Release|ARM
		{5EC68D36-B6CB-4F79-AE78-143E6B58B0B4}.Release|ARM.Build.0 = Release|ARM
		{5EC68D36-B6CB-4F79-AE78-143E6B58B0B4}.Release|ARM.Deploy.0 = Release|ARM
		{5EC68D36-B6CB-4F79-AE78-143E6B58B0B4}.Release|ARM64.ActiveCfg = Release|x86
		{5EC68D36-B6CB-4F79-AE78-143E6B58B0B4}.Release|x64.ActiveCfg = Release|x64
		{5EC68D36-B6CB-4F79-AE78-143E6B58B0B4}.Release|x64.Build.0 = Release|x64
		{5EC68D36-B6CB-4F79-AE78-143E6B58B0B4}.Release|x64.Deploy.0 = Release|x64
		{5EC68D36-B6CB-4F79-AE78-143E6B58B0B4}.Release|x86.ActiveCfg = Release|x86
		{5EC68D36-B6CB-4F79-AE78-143E6B58B0B4}.Release|x86.Build.0 = Release|x86
		{5EC68D36-B6CB-4F79-AE78-143E6B58B0B4}.Release|x86.Deploy.0 = Release|x86
		{80F4360C-7D44-4D47-BA6C-D56FDDDB5DAB}.Debug|Any CPU.ActiveCfg = Debug|Any CPU
		{80F4360C-7D44-4D47-BA6C-D56FDDDB5DAB}.Debug|Any CPU.Build.0 = Debug|Any CPU
		{80F4360C-7D44-4D47-BA6C-D56FDDDB5DAB}.Debug|ARM.ActiveCfg = Debug|Any CPU
		{80F4360C-7D44-4D47-BA6C-D56FDDDB5DAB}.Debug|ARM.Build.0 = Debug|Any CPU
		{80F4360C-7D44-4D47-BA6C-D56FDDDB5DAB}.Debug|ARM64.ActiveCfg = Debug|Any CPU
		{80F4360C-7D44-4D47-BA6C-D56FDDDB5DAB}.Debug|ARM64.Build.0 = Debug|Any CPU
		{80F4360C-7D44-4D47-BA6C-D56FDDDB5DAB}.Debug|x64.ActiveCfg = Debug|Any CPU
		{80F4360C-7D44-4D47-BA6C-D56FDDDB5DAB}.Debug|x64.Build.0 = Debug|Any CPU
		{80F4360C-7D44-4D47-BA6C-D56FDDDB5DAB}.Debug|x86.ActiveCfg = Debug|Any CPU
		{80F4360C-7D44-4D47-BA6C-D56FDDDB5DAB}.Debug|x86.Build.0 = Debug|Any CPU
		{80F4360C-7D44-4D47-BA6C-D56FDDDB5DAB}.Release|Any CPU.ActiveCfg = Release|Any CPU
		{80F4360C-7D44-4D47-BA6C-D56FDDDB5DAB}.Release|Any CPU.Build.0 = Release|Any CPU
		{80F4360C-7D44-4D47-BA6C-D56FDDDB5DAB}.Release|ARM.ActiveCfg = Release|Any CPU
		{80F4360C-7D44-4D47-BA6C-D56FDDDB5DAB}.Release|ARM.Build.0 = Release|Any CPU
		{80F4360C-7D44-4D47-BA6C-D56FDDDB5DAB}.Release|ARM64.ActiveCfg = Release|Any CPU
		{80F4360C-7D44-4D47-BA6C-D56FDDDB5DAB}.Release|ARM64.Build.0 = Release|Any CPU
		{80F4360C-7D44-4D47-BA6C-D56FDDDB5DAB}.Release|x64.ActiveCfg = Release|Any CPU
		{80F4360C-7D44-4D47-BA6C-D56FDDDB5DAB}.Release|x64.Build.0 = Release|Any CPU
		{80F4360C-7D44-4D47-BA6C-D56FDDDB5DAB}.Release|x86.ActiveCfg = Release|Any CPU
		{80F4360C-7D44-4D47-BA6C-D56FDDDB5DAB}.Release|x86.Build.0 = Release|Any CPU
	EndGlobalSection
	GlobalSection(SolutionProperties) = preSolution
		HideSolutionNode = FALSE
	EndGlobalSection
	GlobalSection(ExtensibilityGlobals) = postSolution
		SolutionGuid = {55FFCE2A-E288-43BB-9375-F9335CD092B5}
	EndGlobalSection
EndGlobal
