
Microsoft Visual Studio Solution File, Format Version 12.00
# Visual Studio 15
VisualStudioVersion = 15.0.27703.2035
MinimumVisualStudioVersion = 10.0.40219.1
Project("{FAE04EC0-301F-11D3-BF4B-00C04F79EFBC}") = "BMC,Security.Guard", "BMC,Security.Guard\BMC,Security.Guard.csproj", "{829DCFAC-F2CC-4BFF-BBB4-677DF405FCBD}"
EndProject
Project("{FAE04EC0-301F-11D3-BF4B-00C04F79EFBC}") = "TestApp", "TestApp\TestApp.csproj", "{8378C472-EF05-440A-B010-89C9AFAE2D2E}"
EndProject
Project("{9A19103F-16F7-4668-BE54-9A1E7A4F7556}") = "BMC.Security.Models", "BMC.Security.Models\BMC.Security.Models.csproj", "{1D7CD259-D7D3-4A2F-87CE-2A9714EED9D3}"
EndProject
Project("{FAE04EC0-301F-11D3-BF4B-00C04F79EFBC}") = "BMC.Security.Web", "BMC.Security.Web\BMC.Security.Web.csproj", "{37C14745-312D-4E67-BF6C-465ACDDD9BAB}"
EndProject
Project("{9A19103F-16F7-4668-BE54-9A1E7A4F7556}") = "BMC.Security.CCTV", "BMC.Security.CCTV\BMC.Security.CCTV.csproj", "{7B9CF420-E6EE-491E-8481-492E9E888BEB}"
EndProject
Project("{FAE04EC0-301F-11D3-BF4B-00C04F79EFBC}") = "BMC.Security.Gateway", "BMC.Security.Gateway\BMC.Security.Gateway.csproj", "{C48C8A15-165B-4C05-BDE9-BBF01CF11310}"
EndProject
Project("{FAE04EC0-301F-11D3-BF4B-00C04F79EFBC}") = "BMC.Sarah", "BMC.Sarah\BMC.Sarah.csproj", "{0E5DC4CC-DF52-4E47-9FA8-8EDF766F85C4}"
EndProject
Project("{FAE04EC0-301F-11D3-BF4B-00C04F79EFBC}") = "SarahApp", "BMC.Sarah.Old\SarahApp\SarahApp.csproj", "{5EC68D36-B6CB-4F79-AE78-143E6B58B0B4}"
EndProject
Project("{9A19103F-16F7-4668-BE54-9A1E7A4F7556}") = "BMC.Mqtt", "BMC.Mqtt\BMC.Mqtt.csproj", "{80F4360C-7D44-4D47-BA6C-D56FDDDB5DAB}"
EndProject
Project("{FAE04EC0-301F-11D3-BF4B-00C04F79EFBC}") = "BMC.Security.MobileApp.Android", "BMC.Security.MobileApp\BMC.Security.MobileApp.Android\BMC.Security.MobileApp.Android.csproj", "{42C96ABD-EAC6-405D-B8EE-440BD3D404ED}"
EndProject
Project("{FAE04EC0-301F-11D3-BF4B-00C04F79EFBC}") = "BMC.Security.MobileApp.iOS", "BMC.Security.MobileApp\BMC.Security.MobileApp.iOS\BMC.Security.MobileApp.iOS.csproj", "{DB12B804-F7F3-46ED-A1ED-E9CFC4F5EDE5}"
EndProject
Project("{FAE04EC0-301F-11D3-BF4B-00C04F79EFBC}") = "BMC.Security.MobileApp", "BMC.Security.MobileApp\BMC.Security.MobileApp\BMC.Security.MobileApp.csproj", "{163111CC-E7B5-4A92-9B17-16CA6DE3DA73}"
EndProject
Global
	GlobalSection(SolutionConfigurationPlatforms) = preSolution
		Ad-Hoc|Any CPU = Ad-Hoc|Any CPU
		Ad-Hoc|ARM = Ad-Hoc|ARM
		Ad-Hoc|ARM64 = Ad-Hoc|ARM64
		Ad-Hoc|iPhone = Ad-Hoc|iPhone
		Ad-Hoc|iPhoneSimulator = Ad-Hoc|iPhoneSimulator
		Ad-Hoc|x64 = Ad-Hoc|x64
		Ad-Hoc|x86 = Ad-Hoc|x86
		AppStore|Any CPU = AppStore|Any CPU
		AppStore|ARM = AppStore|ARM
		AppStore|ARM64 = AppStore|ARM64
		AppStore|iPhone = AppStore|iPhone
		AppStore|iPhoneSimulator = AppStore|iPhoneSimulator
		AppStore|x64 = AppStore|x64
		AppStore|x86 = AppStore|x86
		Debug|Any CPU = Debug|Any CPU
		Debug|ARM = Debug|ARM
		Debug|ARM64 = Debug|ARM64
		Debug|iPhone = Debug|iPhone
		Debug|iPhoneSimulator = Debug|iPhoneSimulator
		Debug|x64 = Debug|x64
		Debug|x86 = Debug|x86
		Release|Any CPU = Release|Any CPU
		Release|ARM = Release|ARM
		Release|ARM64 = Release|ARM64
		Release|iPhone = Release|iPhone
		Release|iPhoneSimulator = Release|iPhoneSimulator
		Release|x64 = Release|x64
		Release|x86 = Release|x86
	EndGlobalSection
	GlobalSection(ProjectConfigurationPlatforms) = postSolution
		{829DCFAC-F2CC-4BFF-BBB4-677DF405FCBD}.Ad-Hoc|Any CPU.ActiveCfg = Release|x64
		{829DCFAC-F2CC-4BFF-BBB4-677DF405FCBD}.Ad-Hoc|Any CPU.Build.0 = Release|x64
		{829DCFAC-F2CC-4BFF-BBB4-677DF405FCBD}.Ad-Hoc|Any CPU.Deploy.0 = Release|x64
		{829DCFAC-F2CC-4BFF-BBB4-677DF405FCBD}.Ad-Hoc|ARM.ActiveCfg = Release|ARM
		{829DCFAC-F2CC-4BFF-BBB4-677DF405FCBD}.Ad-Hoc|ARM.Build.0 = Release|ARM
		{829DCFAC-F2CC-4BFF-BBB4-677DF405FCBD}.Ad-Hoc|ARM.Deploy.0 = Release|ARM
		{829DCFAC-F2CC-4BFF-BBB4-677DF405FCBD}.Ad-Hoc|ARM64.ActiveCfg = Release|x64
		{829DCFAC-F2CC-4BFF-BBB4-677DF405FCBD}.Ad-Hoc|ARM64.Build.0 = Release|x64
		{829DCFAC-F2CC-4BFF-BBB4-677DF405FCBD}.Ad-Hoc|ARM64.Deploy.0 = Release|x64
		{829DCFAC-F2CC-4BFF-BBB4-677DF405FCBD}.Ad-Hoc|iPhone.ActiveCfg = Release|x64
		{829DCFAC-F2CC-4BFF-BBB4-677DF405FCBD}.Ad-Hoc|iPhone.Build.0 = Release|x64
		{829DCFAC-F2CC-4BFF-BBB4-677DF405FCBD}.Ad-Hoc|iPhone.Deploy.0 = Release|x64
		{829DCFAC-F2CC-4BFF-BBB4-677DF405FCBD}.Ad-Hoc|iPhoneSimulator.ActiveCfg = Release|x64
		{829DCFAC-F2CC-4BFF-BBB4-677DF405FCBD}.Ad-Hoc|iPhoneSimulator.Build.0 = Release|x64
		{829DCFAC-F2CC-4BFF-BBB4-677DF405FCBD}.Ad-Hoc|iPhoneSimulator.Deploy.0 = Release|x64
		{829DCFAC-F2CC-4BFF-BBB4-677DF405FCBD}.Ad-Hoc|x64.ActiveCfg = Release|x64
		{829DCFAC-F2CC-4BFF-BBB4-677DF405FCBD}.Ad-Hoc|x64.Build.0 = Release|x64
		{829DCFAC-F2CC-4BFF-BBB4-677DF405FCBD}.Ad-Hoc|x64.Deploy.0 = Release|x64
		{829DCFAC-F2CC-4BFF-BBB4-677DF405FCBD}.Ad-Hoc|x86.ActiveCfg = Release|x86
		{829DCFAC-F2CC-4BFF-BBB4-677DF405FCBD}.Ad-Hoc|x86.Build.0 = Release|x86
		{829DCFAC-F2CC-4BFF-BBB4-677DF405FCBD}.Ad-Hoc|x86.Deploy.0 = Release|x86
		{829DCFAC-F2CC-4BFF-BBB4-677DF405FCBD}.AppStore|Any CPU.ActiveCfg = Release|x64
		{829DCFAC-F2CC-4BFF-BBB4-677DF405FCBD}.AppStore|Any CPU.Build.0 = Release|x64
		{829DCFAC-F2CC-4BFF-BBB4-677DF405FCBD}.AppStore|Any CPU.Deploy.0 = Release|x64
		{829DCFAC-F2CC-4BFF-BBB4-677DF405FCBD}.AppStore|ARM.ActiveCfg = Release|ARM
		{829DCFAC-F2CC-4BFF-BBB4-677DF405FCBD}.AppStore|ARM.Build.0 = Release|ARM
		{829DCFAC-F2CC-4BFF-BBB4-677DF405FCBD}.AppStore|ARM.Deploy.0 = Release|ARM
		{829DCFAC-F2CC-4BFF-BBB4-677DF405FCBD}.AppStore|ARM64.ActiveCfg = Release|x64
		{829DCFAC-F2CC-4BFF-BBB4-677DF405FCBD}.AppStore|ARM64.Build.0 = Release|x64
		{829DCFAC-F2CC-4BFF-BBB4-677DF405FCBD}.AppStore|ARM64.Deploy.0 = Release|x64
		{829DCFAC-F2CC-4BFF-BBB4-677DF405FCBD}.AppStore|iPhone.ActiveCfg = Release|x64
		{829DCFAC-F2CC-4BFF-BBB4-677DF405FCBD}.AppStore|iPhone.Build.0 = Release|x64
		{829DCFAC-F2CC-4BFF-BBB4-677DF405FCBD}.AppStore|iPhone.Deploy.0 = Release|x64
		{829DCFAC-F2CC-4BFF-BBB4-677DF405FCBD}.AppStore|iPhoneSimulator.ActiveCfg = Release|x64
		{829DCFAC-F2CC-4BFF-BBB4-677DF405FCBD}.AppStore|iPhoneSimulator.Build.0 = Release|x64
		{829DCFAC-F2CC-4BFF-BBB4-677DF405FCBD}.AppStore|iPhoneSimulator.Deploy.0 = Release|x64
		{829DCFAC-F2CC-4BFF-BBB4-677DF405FCBD}.AppStore|x64.ActiveCfg = Release|x64
		{829DCFAC-F2CC-4BFF-BBB4-677DF405FCBD}.AppStore|x64.Build.0 = Release|x64
		{829DCFAC-F2CC-4BFF-BBB4-677DF405FCBD}.AppStore|x64.Deploy.0 = Release|x64
		{829DCFAC-F2CC-4BFF-BBB4-677DF405FCBD}.AppStore|x86.ActiveCfg = Release|x86
		{829DCFAC-F2CC-4BFF-BBB4-677DF405FCBD}.AppStore|x86.Build.0 = Release|x86
		{829DCFAC-F2CC-4BFF-BBB4-677DF405FCBD}.AppStore|x86.Deploy.0 = Release|x86
		{829DCFAC-F2CC-4BFF-BBB4-677DF405FCBD}.Debug|Any CPU.ActiveCfg = Debug|x86
		{829DCFAC-F2CC-4BFF-BBB4-677DF405FCBD}.Debug|ARM.ActiveCfg = Debug|ARM
		{829DCFAC-F2CC-4BFF-BBB4-677DF405FCBD}.Debug|ARM.Build.0 = Debug|ARM
		{829DCFAC-F2CC-4BFF-BBB4-677DF405FCBD}.Debug|ARM.Deploy.0 = Debug|ARM
		{829DCFAC-F2CC-4BFF-BBB4-677DF405FCBD}.Debug|ARM64.ActiveCfg = Debug|x86
		{829DCFAC-F2CC-4BFF-BBB4-677DF405FCBD}.Debug|iPhone.ActiveCfg = Debug|x86
		{829DCFAC-F2CC-4BFF-BBB4-677DF405FCBD}.Debug|iPhoneSimulator.ActiveCfg = Debug|x86
		{829DCFAC-F2CC-4BFF-BBB4-677DF405FCBD}.Debug|x64.ActiveCfg = Debug|x64
		{829DCFAC-F2CC-4BFF-BBB4-677DF405FCBD}.Debug|x64.Build.0 = Debug|x64
		{829DCFAC-F2CC-4BFF-BBB4-677DF405FCBD}.Debug|x64.Deploy.0 = Debug|x64
		{829DCFAC-F2CC-4BFF-BBB4-677DF405FCBD}.Debug|x86.ActiveCfg = Debug|x86
		{829DCFAC-F2CC-4BFF-BBB4-677DF405FCBD}.Debug|x86.Build.0 = Debug|x86
		{829DCFAC-F2CC-4BFF-BBB4-677DF405FCBD}.Debug|x86.Deploy.0 = Debug|x86
		{829DCFAC-F2CC-4BFF-BBB4-677DF405FCBD}.Release|Any CPU.ActiveCfg = Release|x86
		{829DCFAC-F2CC-4BFF-BBB4-677DF405FCBD}.Release|ARM.ActiveCfg = Release|ARM
		{829DCFAC-F2CC-4BFF-BBB4-677DF405FCBD}.Release|ARM.Build.0 = Release|ARM
		{829DCFAC-F2CC-4BFF-BBB4-677DF405FCBD}.Release|ARM.Deploy.0 = Release|ARM
		{829DCFAC-F2CC-4BFF-BBB4-677DF405FCBD}.Release|ARM64.ActiveCfg = Release|x86
		{829DCFAC-F2CC-4BFF-BBB4-677DF405FCBD}.Release|iPhone.ActiveCfg = Release|x86
		{829DCFAC-F2CC-4BFF-BBB4-677DF405FCBD}.Release|iPhoneSimulator.ActiveCfg = Release|x86
		{829DCFAC-F2CC-4BFF-BBB4-677DF405FCBD}.Release|x64.ActiveCfg = Release|x64
		{829DCFAC-F2CC-4BFF-BBB4-677DF405FCBD}.Release|x64.Build.0 = Release|x64
		{829DCFAC-F2CC-4BFF-BBB4-677DF405FCBD}.Release|x64.Deploy.0 = Release|x64
		{829DCFAC-F2CC-4BFF-BBB4-677DF405FCBD}.Release|x86.ActiveCfg = Release|x86
		{829DCFAC-F2CC-4BFF-BBB4-677DF405FCBD}.Release|x86.Build.0 = Release|x86
		{829DCFAC-F2CC-4BFF-BBB4-677DF405FCBD}.Release|x86.Deploy.0 = Release|x86
		{8378C472-EF05-440A-B010-89C9AFAE2D2E}.Ad-Hoc|Any CPU.ActiveCfg = Release|Any CPU
		{8378C472-EF05-440A-B010-89C9AFAE2D2E}.Ad-Hoc|Any CPU.Build.0 = Release|Any CPU
		{8378C472-EF05-440A-B010-89C9AFAE2D2E}.Ad-Hoc|ARM.ActiveCfg = Release|Any CPU
		{8378C472-EF05-440A-B010-89C9AFAE2D2E}.Ad-Hoc|ARM.Build.0 = Release|Any CPU
		{8378C472-EF05-440A-B010-89C9AFAE2D2E}.Ad-Hoc|ARM64.ActiveCfg = Release|Any CPU
		{8378C472-EF05-440A-B010-89C9AFAE2D2E}.Ad-Hoc|ARM64.Build.0 = Release|Any CPU
		{8378C472-EF05-440A-B010-89C9AFAE2D2E}.Ad-Hoc|iPhone.ActiveCfg = Release|Any CPU
		{8378C472-EF05-440A-B010-89C9AFAE2D2E}.Ad-Hoc|iPhone.Build.0 = Release|Any CPU
		{8378C472-EF05-440A-B010-89C9AFAE2D2E}.Ad-Hoc|iPhoneSimulator.ActiveCfg = Release|Any CPU
		{8378C472-EF05-440A-B010-89C9AFAE2D2E}.Ad-Hoc|iPhoneSimulator.Build.0 = Release|Any CPU
		{8378C472-EF05-440A-B010-89C9AFAE2D2E}.Ad-Hoc|x64.ActiveCfg = Release|Any CPU
		{8378C472-EF05-440A-B010-89C9AFAE2D2E}.Ad-Hoc|x64.Build.0 = Release|Any CPU
		{8378C472-EF05-440A-B010-89C9AFAE2D2E}.Ad-Hoc|x86.ActiveCfg = Release|Any CPU
		{8378C472-EF05-440A-B010-89C9AFAE2D2E}.Ad-Hoc|x86.Build.0 = Release|Any CPU
		{8378C472-EF05-440A-B010-89C9AFAE2D2E}.AppStore|Any CPU.ActiveCfg = Release|Any CPU
		{8378C472-EF05-440A-B010-89C9AFAE2D2E}.AppStore|Any CPU.Build.0 = Release|Any CPU
		{8378C472-EF05-440A-B010-89C9AFAE2D2E}.AppStore|ARM.ActiveCfg = Release|Any CPU
		{8378C472-EF05-440A-B010-89C9AFAE2D2E}.AppStore|ARM.Build.0 = Release|Any CPU
		{8378C472-EF05-440A-B010-89C9AFAE2D2E}.AppStore|ARM64.ActiveCfg = Release|Any CPU
		{8378C472-EF05-440A-B010-89C9AFAE2D2E}.AppStore|ARM64.Build.0 = Release|Any CPU
		{8378C472-EF05-440A-B010-89C9AFAE2D2E}.AppStore|iPhone.ActiveCfg = Release|Any CPU
		{8378C472-EF05-440A-B010-89C9AFAE2D2E}.AppStore|iPhone.Build.0 = Release|Any CPU
		{8378C472-EF05-440A-B010-89C9AFAE2D2E}.AppStore|iPhoneSimulator.ActiveCfg = Release|Any CPU
		{8378C472-EF05-440A-B010-89C9AFAE2D2E}.AppStore|iPhoneSimulator.Build.0 = Release|Any CPU
		{8378C472-EF05-440A-B010-89C9AFAE2D2E}.AppStore|x64.ActiveCfg = Release|Any CPU
		{8378C472-EF05-440A-B010-89C9AFAE2D2E}.AppStore|x64.Build.0 = Release|Any CPU
		{8378C472-EF05-440A-B010-89C9AFAE2D2E}.AppStore|x86.ActiveCfg = Release|Any CPU
		{8378C472-EF05-440A-B010-89C9AFAE2D2E}.AppStore|x86.Build.0 = Release|Any CPU
		{8378C472-EF05-440A-B010-89C9AFAE2D2E}.Debug|Any CPU.ActiveCfg = Debug|Any CPU
		{8378C472-EF05-440A-B010-89C9AFAE2D2E}.Debug|Any CPU.Build.0 = Debug|Any CPU
		{8378C472-EF05-440A-B010-89C9AFAE2D2E}.Debug|ARM.ActiveCfg = Debug|Any CPU
		{8378C472-EF05-440A-B010-89C9AFAE2D2E}.Debug|ARM.Build.0 = Debug|Any CPU
		{8378C472-EF05-440A-B010-89C9AFAE2D2E}.Debug|ARM64.ActiveCfg = Debug|Any CPU
		{8378C472-EF05-440A-B010-89C9AFAE2D2E}.Debug|ARM64.Build.0 = Debug|Any CPU
		{8378C472-EF05-440A-B010-89C9AFAE2D2E}.Debug|iPhone.ActiveCfg = Debug|Any CPU
		{8378C472-EF05-440A-B010-89C9AFAE2D2E}.Debug|iPhone.Build.0 = Debug|Any CPU
		{8378C472-EF05-440A-B010-89C9AFAE2D2E}.Debug|iPhoneSimulator.ActiveCfg = Debug|Any CPU
		{8378C472-EF05-440A-B010-89C9AFAE2D2E}.Debug|iPhoneSimulator.Build.0 = Debug|Any CPU
		{8378C472-EF05-440A-B010-89C9AFAE2D2E}.Debug|x64.ActiveCfg = Debug|Any CPU
		{8378C472-EF05-440A-B010-89C9AFAE2D2E}.Debug|x64.Build.0 = Debug|Any CPU
		{8378C472-EF05-440A-B010-89C9AFAE2D2E}.Debug|x86.ActiveCfg = Debug|Any CPU
		{8378C472-EF05-440A-B010-89C9AFAE2D2E}.Debug|x86.Build.0 = Debug|Any CPU
		{8378C472-EF05-440A-B010-89C9AFAE2D2E}.Release|Any CPU.ActiveCfg = Release|Any CPU
		{8378C472-EF05-440A-B010-89C9AFAE2D2E}.Release|Any CPU.Build.0 = Release|Any CPU
		{8378C472-EF05-440A-B010-89C9AFAE2D2E}.Release|ARM.ActiveCfg = Release|Any CPU
		{8378C472-EF05-440A-B010-89C9AFAE2D2E}.Release|ARM.Build.0 = Release|Any CPU
		{8378C472-EF05-440A-B010-89C9AFAE2D2E}.Release|ARM64.ActiveCfg = Release|Any CPU
		{8378C472-EF05-440A-B010-89C9AFAE2D2E}.Release|ARM64.Build.0 = Release|Any CPU
		{8378C472-EF05-440A-B010-89C9AFAE2D2E}.Release|iPhone.ActiveCfg = Release|Any CPU
		{8378C472-EF05-440A-B010-89C9AFAE2D2E}.Release|iPhone.Build.0 = Release|Any CPU
		{8378C472-EF05-440A-B010-89C9AFAE2D2E}.Release|iPhoneSimulator.ActiveCfg = Release|Any CPU
		{8378C472-EF05-440A-B010-89C9AFAE2D2E}.Release|iPhoneSimulator.Build.0 = Release|Any CPU
		{8378C472-EF05-440A-B010-89C9AFAE2D2E}.Release|x64.ActiveCfg = Release|Any CPU
		{8378C472-EF05-440A-B010-89C9AFAE2D2E}.Release|x64.Build.0 = Release|Any CPU
		{8378C472-EF05-440A-B010-89C9AFAE2D2E}.Release|x86.ActiveCfg = Release|Any CPU
		{8378C472-EF05-440A-B010-89C9AFAE2D2E}.Release|x86.Build.0 = Release|Any CPU
		{1D7CD259-D7D3-4A2F-87CE-2A9714EED9D3}.Ad-Hoc|Any CPU.ActiveCfg = Release|Any CPU
		{1D7CD259-D7D3-4A2F-87CE-2A9714EED9D3}.Ad-Hoc|Any CPU.Build.0 = Release|Any CPU
		{1D7CD259-D7D3-4A2F-87CE-2A9714EED9D3}.Ad-Hoc|ARM.ActiveCfg = Release|Any CPU
		{1D7CD259-D7D3-4A2F-87CE-2A9714EED9D3}.Ad-Hoc|ARM.Build.0 = Release|Any CPU
		{1D7CD259-D7D3-4A2F-87CE-2A9714EED9D3}.Ad-Hoc|ARM64.ActiveCfg = Release|Any CPU
		{1D7CD259-D7D3-4A2F-87CE-2A9714EED9D3}.Ad-Hoc|ARM64.Build.0 = Release|Any CPU
		{1D7CD259-D7D3-4A2F-87CE-2A9714EED9D3}.Ad-Hoc|iPhone.ActiveCfg = Release|Any CPU
		{1D7CD259-D7D3-4A2F-87CE-2A9714EED9D3}.Ad-Hoc|iPhone.Build.0 = Release|Any CPU
		{1D7CD259-D7D3-4A2F-87CE-2A9714EED9D3}.Ad-Hoc|iPhoneSimulator.ActiveCfg = Release|Any CPU
		{1D7CD259-D7D3-4A2F-87CE-2A9714EED9D3}.Ad-Hoc|iPhoneSimulator.Build.0 = Release|Any CPU
		{1D7CD259-D7D3-4A2F-87CE-2A9714EED9D3}.Ad-Hoc|x64.ActiveCfg = Release|Any CPU
		{1D7CD259-D7D3-4A2F-87CE-2A9714EED9D3}.Ad-Hoc|x64.Build.0 = Release|Any CPU
		{1D7CD259-D7D3-4A2F-87CE-2A9714EED9D3}.Ad-Hoc|x86.ActiveCfg = Release|Any CPU
		{1D7CD259-D7D3-4A2F-87CE-2A9714EED9D3}.Ad-Hoc|x86.Build.0 = Release|Any CPU
		{1D7CD259-D7D3-4A2F-87CE-2A9714EED9D3}.AppStore|Any CPU.ActiveCfg = Release|Any CPU
		{1D7CD259-D7D3-4A2F-87CE-2A9714EED9D3}.AppStore|Any CPU.Build.0 = Release|Any CPU
		{1D7CD259-D7D3-4A2F-87CE-2A9714EED9D3}.AppStore|ARM.ActiveCfg = Release|Any CPU
		{1D7CD259-D7D3-4A2F-87CE-2A9714EED9D3}.AppStore|ARM.Build.0 = Release|Any CPU
		{1D7CD259-D7D3-4A2F-87CE-2A9714EED9D3}.AppStore|ARM64.ActiveCfg = Release|Any CPU
		{1D7CD259-D7D3-4A2F-87CE-2A9714EED9D3}.AppStore|ARM64.Build.0 = Release|Any CPU
		{1D7CD259-D7D3-4A2F-87CE-2A9714EED9D3}.AppStore|iPhone.ActiveCfg = Release|Any CPU
		{1D7CD259-D7D3-4A2F-87CE-2A9714EED9D3}.AppStore|iPhone.Build.0 = Release|Any CPU
		{1D7CD259-D7D3-4A2F-87CE-2A9714EED9D3}.AppStore|iPhoneSimulator.ActiveCfg = Release|Any CPU
		{1D7CD259-D7D3-4A2F-87CE-2A9714EED9D3}.AppStore|iPhoneSimulator.Build.0 = Release|Any CPU
		{1D7CD259-D7D3-4A2F-87CE-2A9714EED9D3}.AppStore|x64.ActiveCfg = Release|Any CPU
		{1D7CD259-D7D3-4A2F-87CE-2A9714EED9D3}.AppStore|x64.Build.0 = Release|Any CPU
		{1D7CD259-D7D3-4A2F-87CE-2A9714EED9D3}.AppStore|x86.ActiveCfg = Release|Any CPU
		{1D7CD259-D7D3-4A2F-87CE-2A9714EED9D3}.AppStore|x86.Build.0 = Release|Any CPU
		{1D7CD259-D7D3-4A2F-87CE-2A9714EED9D3}.Debug|Any CPU.ActiveCfg = Debug|Any CPU
		{1D7CD259-D7D3-4A2F-87CE-2A9714EED9D3}.Debug|Any CPU.Build.0 = Debug|Any CPU
		{1D7CD259-D7D3-4A2F-87CE-2A9714EED9D3}.Debug|ARM.ActiveCfg = Debug|Any CPU
		{1D7CD259-D7D3-4A2F-87CE-2A9714EED9D3}.Debug|ARM.Build.0 = Debug|Any CPU
		{1D7CD259-D7D3-4A2F-87CE-2A9714EED9D3}.Debug|ARM64.ActiveCfg = Debug|Any CPU
		{1D7CD259-D7D3-4A2F-87CE-2A9714EED9D3}.Debug|ARM64.Build.0 = Debug|Any CPU
		{1D7CD259-D7D3-4A2F-87CE-2A9714EED9D3}.Debug|iPhone.ActiveCfg = Debug|Any CPU
		{1D7CD259-D7D3-4A2F-87CE-2A9714EED9D3}.Debug|iPhone.Build.0 = Debug|Any CPU
		{1D7CD259-D7D3-4A2F-87CE-2A9714EED9D3}.Debug|iPhoneSimulator.ActiveCfg = Debug|Any CPU
		{1D7CD259-D7D3-4A2F-87CE-2A9714EED9D3}.Debug|iPhoneSimulator.Build.0 = Debug|Any CPU
		{1D7CD259-D7D3-4A2F-87CE-2A9714EED9D3}.Debug|x64.ActiveCfg = Debug|Any CPU
		{1D7CD259-D7D3-4A2F-87CE-2A9714EED9D3}.Debug|x64.Build.0 = Debug|Any CPU
		{1D7CD259-D7D3-4A2F-87CE-2A9714EED9D3}.Debug|x86.ActiveCfg = Debug|Any CPU
		{1D7CD259-D7D3-4A2F-87CE-2A9714EED9D3}.Debug|x86.Build.0 = Debug|Any CPU
		{1D7CD259-D7D3-4A2F-87CE-2A9714EED9D3}.Release|Any CPU.ActiveCfg = Release|Any CPU
		{1D7CD259-D7D3-4A2F-87CE-2A9714EED9D3}.Release|Any CPU.Build.0 = Release|Any CPU
		{1D7CD259-D7D3-4A2F-87CE-2A9714EED9D3}.Release|ARM.ActiveCfg = Release|Any CPU
		{1D7CD259-D7D3-4A2F-87CE-2A9714EED9D3}.Release|ARM.Build.0 = Release|Any CPU
		{1D7CD259-D7D3-4A2F-87CE-2A9714EED9D3}.Release|ARM64.ActiveCfg = Release|Any CPU
		{1D7CD259-D7D3-4A2F-87CE-2A9714EED9D3}.Release|ARM64.Build.0 = Release|Any CPU
		{1D7CD259-D7D3-4A2F-87CE-2A9714EED9D3}.Release|iPhone.ActiveCfg = Release|Any CPU
		{1D7CD259-D7D3-4A2F-87CE-2A9714EED9D3}.Release|iPhone.Build.0 = Release|Any CPU
		{1D7CD259-D7D3-4A2F-87CE-2A9714EED9D3}.Release|iPhoneSimulator.ActiveCfg = Release|Any CPU
		{1D7CD259-D7D3-4A2F-87CE-2A9714EED9D3}.Release|iPhoneSimulator.Build.0 = Release|Any CPU
		{1D7CD259-D7D3-4A2F-87CE-2A9714EED9D3}.Release|x64.ActiveCfg = Release|Any CPU
		{1D7CD259-D7D3-4A2F-87CE-2A9714EED9D3}.Release|x64.Build.0 = Release|Any CPU
		{1D7CD259-D7D3-4A2F-87CE-2A9714EED9D3}.Release|x86.ActiveCfg = Release|Any CPU
		{1D7CD259-D7D3-4A2F-87CE-2A9714EED9D3}.Release|x86.Build.0 = Release|Any CPU
		{37C14745-312D-4E67-BF6C-465ACDDD9BAB}.Ad-Hoc|Any CPU.ActiveCfg = Release|Any CPU
		{37C14745-312D-4E67-BF6C-465ACDDD9BAB}.Ad-Hoc|Any CPU.Build.0 = Release|Any CPU
		{37C14745-312D-4E67-BF6C-465ACDDD9BAB}.Ad-Hoc|ARM.ActiveCfg = Release|Any CPU
		{37C14745-312D-4E67-BF6C-465ACDDD9BAB}.Ad-Hoc|ARM.Build.0 = Release|Any CPU
		{37C14745-312D-4E67-BF6C-465ACDDD9BAB}.Ad-Hoc|ARM64.ActiveCfg = Release|Any CPU
		{37C14745-312D-4E67-BF6C-465ACDDD9BAB}.Ad-Hoc|ARM64.Build.0 = Release|Any CPU
		{37C14745-312D-4E67-BF6C-465ACDDD9BAB}.Ad-Hoc|iPhone.ActiveCfg = Release|Any CPU
		{37C14745-312D-4E67-BF6C-465ACDDD9BAB}.Ad-Hoc|iPhone.Build.0 = Release|Any CPU
		{37C14745-312D-4E67-BF6C-465ACDDD9BAB}.Ad-Hoc|iPhoneSimulator.ActiveCfg = Release|Any CPU
		{37C14745-312D-4E67-BF6C-465ACDDD9BAB}.Ad-Hoc|iPhoneSimulator.Build.0 = Release|Any CPU
		{37C14745-312D-4E67-BF6C-465ACDDD9BAB}.Ad-Hoc|x64.ActiveCfg = Release|Any CPU
		{37C14745-312D-4E67-BF6C-465ACDDD9BAB}.Ad-Hoc|x64.Build.0 = Release|Any CPU
		{37C14745-312D-4E67-BF6C-465ACDDD9BAB}.Ad-Hoc|x86.ActiveCfg = Release|Any CPU
		{37C14745-312D-4E67-BF6C-465ACDDD9BAB}.Ad-Hoc|x86.Build.0 = Release|Any CPU
		{37C14745-312D-4E67-BF6C-465ACDDD9BAB}.AppStore|Any CPU.ActiveCfg = Release|Any CPU
		{37C14745-312D-4E67-BF6C-465ACDDD9BAB}.AppStore|Any CPU.Build.0 = Release|Any CPU
		{37C14745-312D-4E67-BF6C-465ACDDD9BAB}.AppStore|ARM.ActiveCfg = Release|Any CPU
		{37C14745-312D-4E67-BF6C-465ACDDD9BAB}.AppStore|ARM.Build.0 = Release|Any CPU
		{37C14745-312D-4E67-BF6C-465ACDDD9BAB}.AppStore|ARM64.ActiveCfg = Release|Any CPU
		{37C14745-312D-4E67-BF6C-465ACDDD9BAB}.AppStore|ARM64.Build.0 = Release|Any CPU
		{37C14745-312D-4E67-BF6C-465ACDDD9BAB}.AppStore|iPhone.ActiveCfg = Release|Any CPU
		{37C14745-312D-4E67-BF6C-465ACDDD9BAB}.AppStore|iPhone.Build.0 = Release|Any CPU
		{37C14745-312D-4E67-BF6C-465ACDDD9BAB}.AppStore|iPhoneSimulator.ActiveCfg = Release|Any CPU
		{37C14745-312D-4E67-BF6C-465ACDDD9BAB}.AppStore|iPhoneSimulator.Build.0 = Release|Any CPU
		{37C14745-312D-4E67-BF6C-465ACDDD9BAB}.AppStore|x64.ActiveCfg = Release|Any CPU
		{37C14745-312D-4E67-BF6C-465ACDDD9BAB}.AppStore|x64.Build.0 = Release|Any CPU
		{37C14745-312D-4E67-BF6C-465ACDDD9BAB}.AppStore|x86.ActiveCfg = Release|Any CPU
		{37C14745-312D-4E67-BF6C-465ACDDD9BAB}.AppStore|x86.Build.0 = Release|Any CPU
		{37C14745-312D-4E67-BF6C-465ACDDD9BAB}.Debug|Any CPU.ActiveCfg = Debug|Any CPU
		{37C14745-312D-4E67-BF6C-465ACDDD9BAB}.Debug|Any CPU.Build.0 = Debug|Any CPU
		{37C14745-312D-4E67-BF6C-465ACDDD9BAB}.Debug|ARM.ActiveCfg = Debug|Any CPU
		{37C14745-312D-4E67-BF6C-465ACDDD9BAB}.Debug|ARM.Build.0 = Debug|Any CPU
		{37C14745-312D-4E67-BF6C-465ACDDD9BAB}.Debug|ARM64.ActiveCfg = Debug|Any CPU
		{37C14745-312D-4E67-BF6C-465ACDDD9BAB}.Debug|ARM64.Build.0 = Debug|Any CPU
		{37C14745-312D-4E67-BF6C-465ACDDD9BAB}.Debug|iPhone.ActiveCfg = Debug|Any CPU
		{37C14745-312D-4E67-BF6C-465ACDDD9BAB}.Debug|iPhone.Build.0 = Debug|Any CPU
		{37C14745-312D-4E67-BF6C-465ACDDD9BAB}.Debug|iPhoneSimulator.ActiveCfg = Debug|Any CPU
		{37C14745-312D-4E67-BF6C-465ACDDD9BAB}.Debug|iPhoneSimulator.Build.0 = Debug|Any CPU
		{37C14745-312D-4E67-BF6C-465ACDDD9BAB}.Debug|x64.ActiveCfg = Debug|Any CPU
		{37C14745-312D-4E67-BF6C-465ACDDD9BAB}.Debug|x64.Build.0 = Debug|Any CPU
		{37C14745-312D-4E67-BF6C-465ACDDD9BAB}.Debug|x86.ActiveCfg = Debug|Any CPU
		{37C14745-312D-4E67-BF6C-465ACDDD9BAB}.Debug|x86.Build.0 = Debug|Any CPU
		{37C14745-312D-4E67-BF6C-465ACDDD9BAB}.Release|Any CPU.ActiveCfg = Release|Any CPU
		{37C14745-312D-4E67-BF6C-465ACDDD9BAB}.Release|Any CPU.Build.0 = Release|Any CPU
		{37C14745-312D-4E67-BF6C-465ACDDD9BAB}.Release|ARM.ActiveCfg = Release|Any CPU
		{37C14745-312D-4E67-BF6C-465ACDDD9BAB}.Release|ARM.Build.0 = Release|Any CPU
		{37C14745-312D-4E67-BF6C-465ACDDD9BAB}.Release|ARM64.ActiveCfg = Release|Any CPU
		{37C14745-312D-4E67-BF6C-465ACDDD9BAB}.Release|ARM64.Build.0 = Release|Any CPU
		{37C14745-312D-4E67-BF6C-465ACDDD9BAB}.Release|iPhone.ActiveCfg = Release|Any CPU
		{37C14745-312D-4E67-BF6C-465ACDDD9BAB}.Release|iPhone.Build.0 = Release|Any CPU
		{37C14745-312D-4E67-BF6C-465ACDDD9BAB}.Release|iPhoneSimulator.ActiveCfg = Release|Any CPU
		{37C14745-312D-4E67-BF6C-465ACDDD9BAB}.Release|iPhoneSimulator.Build.0 = Release|Any CPU
		{37C14745-312D-4E67-BF6C-465ACDDD9BAB}.Release|x64.ActiveCfg = Release|Any CPU
		{37C14745-312D-4E67-BF6C-465ACDDD9BAB}.Release|x64.Build.0 = Release|Any CPU
		{37C14745-312D-4E67-BF6C-465ACDDD9BAB}.Release|x86.ActiveCfg = Release|Any CPU
		{37C14745-312D-4E67-BF6C-465ACDDD9BAB}.Release|x86.Build.0 = Release|Any CPU
		{7B9CF420-E6EE-491E-8481-492E9E888BEB}.Ad-Hoc|Any CPU.ActiveCfg = Release|Any CPU
		{7B9CF420-E6EE-491E-8481-492E9E888BEB}.Ad-Hoc|Any CPU.Build.0 = Release|Any CPU
		{7B9CF420-E6EE-491E-8481-492E9E888BEB}.Ad-Hoc|ARM.ActiveCfg = Release|Any CPU
		{7B9CF420-E6EE-491E-8481-492E9E888BEB}.Ad-Hoc|ARM.Build.0 = Release|Any CPU
		{7B9CF420-E6EE-491E-8481-492E9E888BEB}.Ad-Hoc|ARM64.ActiveCfg = Release|Any CPU
		{7B9CF420-E6EE-491E-8481-492E9E888BEB}.Ad-Hoc|ARM64.Build.0 = Release|Any CPU
		{7B9CF420-E6EE-491E-8481-492E9E888BEB}.Ad-Hoc|iPhone.ActiveCfg = Release|Any CPU
		{7B9CF420-E6EE-491E-8481-492E9E888BEB}.Ad-Hoc|iPhone.Build.0 = Release|Any CPU
		{7B9CF420-E6EE-491E-8481-492E9E888BEB}.Ad-Hoc|iPhoneSimulator.ActiveCfg = Release|Any CPU
		{7B9CF420-E6EE-491E-8481-492E9E888BEB}.Ad-Hoc|iPhoneSimulator.Build.0 = Release|Any CPU
		{7B9CF420-E6EE-491E-8481-492E9E888BEB}.Ad-Hoc|x64.ActiveCfg = Release|Any CPU
		{7B9CF420-E6EE-491E-8481-492E9E888BEB}.Ad-Hoc|x64.Build.0 = Release|Any CPU
		{7B9CF420-E6EE-491E-8481-492E9E888BEB}.Ad-Hoc|x86.ActiveCfg = Release|Any CPU
		{7B9CF420-E6EE-491E-8481-492E9E888BEB}.Ad-Hoc|x86.Build.0 = Release|Any CPU
		{7B9CF420-E6EE-491E-8481-492E9E888BEB}.AppStore|Any CPU.ActiveCfg = Release|Any CPU
		{7B9CF420-E6EE-491E-8481-492E9E888BEB}.AppStore|Any CPU.Build.0 = Release|Any CPU
		{7B9CF420-E6EE-491E-8481-492E9E888BEB}.AppStore|ARM.ActiveCfg = Release|Any CPU
		{7B9CF420-E6EE-491E-8481-492E9E888BEB}.AppStore|ARM.Build.0 = Release|Any CPU
		{7B9CF420-E6EE-491E-8481-492E9E888BEB}.AppStore|ARM64.ActiveCfg = Release|Any CPU
		{7B9CF420-E6EE-491E-8481-492E9E888BEB}.AppStore|ARM64.Build.0 = Release|Any CPU
		{7B9CF420-E6EE-491E-8481-492E9E888BEB}.AppStore|iPhone.ActiveCfg = Release|Any CPU
		{7B9CF420-E6EE-491E-8481-492E9E888BEB}.AppStore|iPhone.Build.0 = Release|Any CPU
		{7B9CF420-E6EE-491E-8481-492E9E888BEB}.AppStore|iPhoneSimulator.ActiveCfg = Release|Any CPU
		{7B9CF420-E6EE-491E-8481-492E9E888BEB}.AppStore|iPhoneSimulator.Build.0 = Release|Any CPU
		{7B9CF420-E6EE-491E-8481-492E9E888BEB}.AppStore|x64.ActiveCfg = Release|Any CPU
		{7B9CF420-E6EE-491E-8481-492E9E888BEB}.AppStore|x64.Build.0 = Release|Any CPU
		{7B9CF420-E6EE-491E-8481-492E9E888BEB}.AppStore|x86.ActiveCfg = Release|Any CPU
		{7B9CF420-E6EE-491E-8481-492E9E888BEB}.AppStore|x86.Build.0 = Release|Any CPU
		{7B9CF420-E6EE-491E-8481-492E9E888BEB}.Debug|Any CPU.ActiveCfg = Debug|Any CPU
		{7B9CF420-E6EE-491E-8481-492E9E888BEB}.Debug|Any CPU.Build.0 = Debug|Any CPU
		{7B9CF420-E6EE-491E-8481-492E9E888BEB}.Debug|ARM.ActiveCfg = Debug|Any CPU
		{7B9CF420-E6EE-491E-8481-492E9E888BEB}.Debug|ARM.Build.0 = Debug|Any CPU
		{7B9CF420-E6EE-491E-8481-492E9E888BEB}.Debug|ARM64.ActiveCfg = Debug|Any CPU
		{7B9CF420-E6EE-491E-8481-492E9E888BEB}.Debug|ARM64.Build.0 = Debug|Any CPU
		{7B9CF420-E6EE-491E-8481-492E9E888BEB}.Debug|iPhone.ActiveCfg = Debug|Any CPU
		{7B9CF420-E6EE-491E-8481-492E9E888BEB}.Debug|iPhone.Build.0 = Debug|Any CPU
		{7B9CF420-E6EE-491E-8481-492E9E888BEB}.Debug|iPhoneSimulator.ActiveCfg = Debug|Any CPU
		{7B9CF420-E6EE-491E-8481-492E9E888BEB}.Debug|iPhoneSimulator.Build.0 = Debug|Any CPU
		{7B9CF420-E6EE-491E-8481-492E9E888BEB}.Debug|x64.ActiveCfg = Debug|Any CPU
		{7B9CF420-E6EE-491E-8481-492E9E888BEB}.Debug|x64.Build.0 = Debug|Any CPU
		{7B9CF420-E6EE-491E-8481-492E9E888BEB}.Debug|x86.ActiveCfg = Debug|Any CPU
		{7B9CF420-E6EE-491E-8481-492E9E888BEB}.Debug|x86.Build.0 = Debug|Any CPU
		{7B9CF420-E6EE-491E-8481-492E9E888BEB}.Release|Any CPU.ActiveCfg = Release|Any CPU
		{7B9CF420-E6EE-491E-8481-492E9E888BEB}.Release|Any CPU.Build.0 = Release|Any CPU
		{7B9CF420-E6EE-491E-8481-492E9E888BEB}.Release|ARM.ActiveCfg = Release|Any CPU
		{7B9CF420-E6EE-491E-8481-492E9E888BEB}.Release|ARM.Build.0 = Release|Any CPU
		{7B9CF420-E6EE-491E-8481-492E9E888BEB}.Release|ARM64.ActiveCfg = Release|Any CPU
		{7B9CF420-E6EE-491E-8481-492E9E888BEB}.Release|ARM64.Build.0 = Release|Any CPU
		{7B9CF420-E6EE-491E-8481-492E9E888BEB}.Release|iPhone.ActiveCfg = Release|Any CPU
		{7B9CF420-E6EE-491E-8481-492E9E888BEB}.Release|iPhone.Build.0 = Release|Any CPU
		{7B9CF420-E6EE-491E-8481-492E9E888BEB}.Release|iPhoneSimulator.ActiveCfg = Release|Any CPU
		{7B9CF420-E6EE-491E-8481-492E9E888BEB}.Release|iPhoneSimulator.Build.0 = Release|Any CPU
		{7B9CF420-E6EE-491E-8481-492E9E888BEB}.Release|x64.ActiveCfg = Release|Any CPU
		{7B9CF420-E6EE-491E-8481-492E9E888BEB}.Release|x64.Build.0 = Release|Any CPU
		{7B9CF420-E6EE-491E-8481-492E9E888BEB}.Release|x86.ActiveCfg = Release|Any CPU
		{7B9CF420-E6EE-491E-8481-492E9E888BEB}.Release|x86.Build.0 = Release|Any CPU
		{C48C8A15-165B-4C05-BDE9-BBF01CF11310}.Ad-Hoc|Any CPU.ActiveCfg = Release|x64
		{C48C8A15-165B-4C05-BDE9-BBF01CF11310}.Ad-Hoc|Any CPU.Build.0 = Release|x64
		{C48C8A15-165B-4C05-BDE9-BBF01CF11310}.Ad-Hoc|Any CPU.Deploy.0 = Release|x64
		{C48C8A15-165B-4C05-BDE9-BBF01CF11310}.Ad-Hoc|ARM.ActiveCfg = Release|ARM
		{C48C8A15-165B-4C05-BDE9-BBF01CF11310}.Ad-Hoc|ARM.Build.0 = Release|ARM
		{C48C8A15-165B-4C05-BDE9-BBF01CF11310}.Ad-Hoc|ARM.Deploy.0 = Release|ARM
		{C48C8A15-165B-4C05-BDE9-BBF01CF11310}.Ad-Hoc|ARM64.ActiveCfg = Release|ARM64
		{C48C8A15-165B-4C05-BDE9-BBF01CF11310}.Ad-Hoc|ARM64.Build.0 = Release|ARM64
		{C48C8A15-165B-4C05-BDE9-BBF01CF11310}.Ad-Hoc|ARM64.Deploy.0 = Release|ARM64
		{C48C8A15-165B-4C05-BDE9-BBF01CF11310}.Ad-Hoc|iPhone.ActiveCfg = Release|x64
		{C48C8A15-165B-4C05-BDE9-BBF01CF11310}.Ad-Hoc|iPhone.Build.0 = Release|x64
		{C48C8A15-165B-4C05-BDE9-BBF01CF11310}.Ad-Hoc|iPhone.Deploy.0 = Release|x64
		{C48C8A15-165B-4C05-BDE9-BBF01CF11310}.Ad-Hoc|iPhoneSimulator.ActiveCfg = Release|x64
		{C48C8A15-165B-4C05-BDE9-BBF01CF11310}.Ad-Hoc|iPhoneSimulator.Build.0 = Release|x64
		{C48C8A15-165B-4C05-BDE9-BBF01CF11310}.Ad-Hoc|iPhoneSimulator.Deploy.0 = Release|x64
		{C48C8A15-165B-4C05-BDE9-BBF01CF11310}.Ad-Hoc|x64.ActiveCfg = Release|x64
		{C48C8A15-165B-4C05-BDE9-BBF01CF11310}.Ad-Hoc|x64.Build.0 = Release|x64
		{C48C8A15-165B-4C05-BDE9-BBF01CF11310}.Ad-Hoc|x64.Deploy.0 = Release|x64
		{C48C8A15-165B-4C05-BDE9-BBF01CF11310}.Ad-Hoc|x86.ActiveCfg = Release|x86
		{C48C8A15-165B-4C05-BDE9-BBF01CF11310}.Ad-Hoc|x86.Build.0 = Release|x86
		{C48C8A15-165B-4C05-BDE9-BBF01CF11310}.Ad-Hoc|x86.Deploy.0 = Release|x86
		{C48C8A15-165B-4C05-BDE9-BBF01CF11310}.AppStore|Any CPU.ActiveCfg = Release|x64
		{C48C8A15-165B-4C05-BDE9-BBF01CF11310}.AppStore|Any CPU.Build.0 = Release|x64
		{C48C8A15-165B-4C05-BDE9-BBF01CF11310}.AppStore|Any CPU.Deploy.0 = Release|x64
		{C48C8A15-165B-4C05-BDE9-BBF01CF11310}.AppStore|ARM.ActiveCfg = Release|ARM
		{C48C8A15-165B-4C05-BDE9-BBF01CF11310}.AppStore|ARM.Build.0 = Release|ARM
		{C48C8A15-165B-4C05-BDE9-BBF01CF11310}.AppStore|ARM.Deploy.0 = Release|ARM
		{C48C8A15-165B-4C05-BDE9-BBF01CF11310}.AppStore|ARM64.ActiveCfg = Release|ARM64
		{C48C8A15-165B-4C05-BDE9-BBF01CF11310}.AppStore|ARM64.Build.0 = Release|ARM64
		{C48C8A15-165B-4C05-BDE9-BBF01CF11310}.AppStore|ARM64.Deploy.0 = Release|ARM64
		{C48C8A15-165B-4C05-BDE9-BBF01CF11310}.AppStore|iPhone.ActiveCfg = Release|x64
		{C48C8A15-165B-4C05-BDE9-BBF01CF11310}.AppStore|iPhone.Build.0 = Release|x64
		{C48C8A15-165B-4C05-BDE9-BBF01CF11310}.AppStore|iPhone.Deploy.0 = Release|x64
		{C48C8A15-165B-4C05-BDE9-BBF01CF11310}.AppStore|iPhoneSimulator.ActiveCfg = Release|x64
		{C48C8A15-165B-4C05-BDE9-BBF01CF11310}.AppStore|iPhoneSimulator.Build.0 = Release|x64
		{C48C8A15-165B-4C05-BDE9-BBF01CF11310}.AppStore|iPhoneSimulator.Deploy.0 = Release|x64
		{C48C8A15-165B-4C05-BDE9-BBF01CF11310}.AppStore|x64.ActiveCfg = Release|x64
		{C48C8A15-165B-4C05-BDE9-BBF01CF11310}.AppStore|x64.Build.0 = Release|x64
		{C48C8A15-165B-4C05-BDE9-BBF01CF11310}.AppStore|x64.Deploy.0 = Release|x64
		{C48C8A15-165B-4C05-BDE9-BBF01CF11310}.AppStore|x86.ActiveCfg = Release|x86
		{C48C8A15-165B-4C05-BDE9-BBF01CF11310}.AppStore|x86.Build.0 = Release|x86
		{C48C8A15-165B-4C05-BDE9-BBF01CF11310}.AppStore|x86.Deploy.0 = Release|x86
		{C48C8A15-165B-4C05-BDE9-BBF01CF11310}.Debug|Any CPU.ActiveCfg = Debug|x86
		{C48C8A15-165B-4C05-BDE9-BBF01CF11310}.Debug|ARM.ActiveCfg = Debug|ARM
		{C48C8A15-165B-4C05-BDE9-BBF01CF11310}.Debug|ARM.Build.0 = Debug|ARM
		{C48C8A15-165B-4C05-BDE9-BBF01CF11310}.Debug|ARM.Deploy.0 = Debug|ARM
		{C48C8A15-165B-4C05-BDE9-BBF01CF11310}.Debug|ARM64.ActiveCfg = Debug|ARM64
		{C48C8A15-165B-4C05-BDE9-BBF01CF11310}.Debug|ARM64.Build.0 = Debug|ARM64
		{C48C8A15-165B-4C05-BDE9-BBF01CF11310}.Debug|ARM64.Deploy.0 = Debug|ARM64
		{C48C8A15-165B-4C05-BDE9-BBF01CF11310}.Debug|iPhone.ActiveCfg = Debug|x86
		{C48C8A15-165B-4C05-BDE9-BBF01CF11310}.Debug|iPhoneSimulator.ActiveCfg = Debug|x86
		{C48C8A15-165B-4C05-BDE9-BBF01CF11310}.Debug|x64.ActiveCfg = Debug|x64
		{C48C8A15-165B-4C05-BDE9-BBF01CF11310}.Debug|x64.Build.0 = Debug|x64
		{C48C8A15-165B-4C05-BDE9-BBF01CF11310}.Debug|x64.Deploy.0 = Debug|x64
		{C48C8A15-165B-4C05-BDE9-BBF01CF11310}.Debug|x86.ActiveCfg = Debug|x86
		{C48C8A15-165B-4C05-BDE9-BBF01CF11310}.Debug|x86.Build.0 = Debug|x86
		{C48C8A15-165B-4C05-BDE9-BBF01CF11310}.Debug|x86.Deploy.0 = Debug|x86
		{C48C8A15-165B-4C05-BDE9-BBF01CF11310}.Release|Any CPU.ActiveCfg = Release|x86
		{C48C8A15-165B-4C05-BDE9-BBF01CF11310}.Release|ARM.ActiveCfg = Release|ARM
		{C48C8A15-165B-4C05-BDE9-BBF01CF11310}.Release|ARM.Build.0 = Release|ARM
		{C48C8A15-165B-4C05-BDE9-BBF01CF11310}.Release|ARM.Deploy.0 = Release|ARM
		{C48C8A15-165B-4C05-BDE9-BBF01CF11310}.Release|ARM64.ActiveCfg = Release|ARM64
		{C48C8A15-165B-4C05-BDE9-BBF01CF11310}.Release|ARM64.Build.0 = Release|ARM64
		{C48C8A15-165B-4C05-BDE9-BBF01CF11310}.Release|ARM64.Deploy.0 = Release|ARM64
		{C48C8A15-165B-4C05-BDE9-BBF01CF11310}.Release|iPhone.ActiveCfg = Release|x86
		{C48C8A15-165B-4C05-BDE9-BBF01CF11310}.Release|iPhoneSimulator.ActiveCfg = Release|x86
		{C48C8A15-165B-4C05-BDE9-BBF01CF11310}.Release|x64.ActiveCfg = Release|x64
		{C48C8A15-165B-4C05-BDE9-BBF01CF11310}.Release|x64.Build.0 = Release|x64
		{C48C8A15-165B-4C05-BDE9-BBF01CF11310}.Release|x64.Deploy.0 = Release|x64
		{C48C8A15-165B-4C05-BDE9-BBF01CF11310}.Release|x86.ActiveCfg = Release|x86
		{C48C8A15-165B-4C05-BDE9-BBF01CF11310}.Release|x86.Build.0 = Release|x86
		{C48C8A15-165B-4C05-BDE9-BBF01CF11310}.Release|x86.Deploy.0 = Release|x86
		{0E5DC4CC-DF52-4E47-9FA8-8EDF766F85C4}.Ad-Hoc|Any CPU.ActiveCfg = Release|Any CPU
		{0E5DC4CC-DF52-4E47-9FA8-8EDF766F85C4}.Ad-Hoc|Any CPU.Build.0 = Release|Any CPU
		{0E5DC4CC-DF52-4E47-9FA8-8EDF766F85C4}.Ad-Hoc|ARM.ActiveCfg = Release|Any CPU
		{0E5DC4CC-DF52-4E47-9FA8-8EDF766F85C4}.Ad-Hoc|ARM.Build.0 = Release|Any CPU
		{0E5DC4CC-DF52-4E47-9FA8-8EDF766F85C4}.Ad-Hoc|ARM64.ActiveCfg = Release|Any CPU
		{0E5DC4CC-DF52-4E47-9FA8-8EDF766F85C4}.Ad-Hoc|ARM64.Build.0 = Release|Any CPU
		{0E5DC4CC-DF52-4E47-9FA8-8EDF766F85C4}.Ad-Hoc|iPhone.ActiveCfg = Release|Any CPU
		{0E5DC4CC-DF52-4E47-9FA8-8EDF766F85C4}.Ad-Hoc|iPhone.Build.0 = Release|Any CPU
		{0E5DC4CC-DF52-4E47-9FA8-8EDF766F85C4}.Ad-Hoc|iPhoneSimulator.ActiveCfg = Release|Any CPU
		{0E5DC4CC-DF52-4E47-9FA8-8EDF766F85C4}.Ad-Hoc|iPhoneSimulator.Build.0 = Release|Any CPU
		{0E5DC4CC-DF52-4E47-9FA8-8EDF766F85C4}.Ad-Hoc|x64.ActiveCfg = Release|Any CPU
		{0E5DC4CC-DF52-4E47-9FA8-8EDF766F85C4}.Ad-Hoc|x64.Build.0 = Release|Any CPU
		{0E5DC4CC-DF52-4E47-9FA8-8EDF766F85C4}.Ad-Hoc|x86.ActiveCfg = Release|Any CPU
		{0E5DC4CC-DF52-4E47-9FA8-8EDF766F85C4}.Ad-Hoc|x86.Build.0 = Release|Any CPU
		{0E5DC4CC-DF52-4E47-9FA8-8EDF766F85C4}.AppStore|Any CPU.ActiveCfg = Release|Any CPU
		{0E5DC4CC-DF52-4E47-9FA8-8EDF766F85C4}.AppStore|Any CPU.Build.0 = Release|Any CPU
		{0E5DC4CC-DF52-4E47-9FA8-8EDF766F85C4}.AppStore|ARM.ActiveCfg = Release|Any CPU
		{0E5DC4CC-DF52-4E47-9FA8-8EDF766F85C4}.AppStore|ARM.Build.0 = Release|Any CPU
		{0E5DC4CC-DF52-4E47-9FA8-8EDF766F85C4}.AppStore|ARM64.ActiveCfg = Release|Any CPU
		{0E5DC4CC-DF52-4E47-9FA8-8EDF766F85C4}.AppStore|ARM64.Build.0 = Release|Any CPU
		{0E5DC4CC-DF52-4E47-9FA8-8EDF766F85C4}.AppStore|iPhone.ActiveCfg = Release|Any CPU
		{0E5DC4CC-DF52-4E47-9FA8-8EDF766F85C4}.AppStore|iPhone.Build.0 = Release|Any CPU
		{0E5DC4CC-DF52-4E47-9FA8-8EDF766F85C4}.AppStore|iPhoneSimulator.ActiveCfg = Release|Any CPU
		{0E5DC4CC-DF52-4E47-9FA8-8EDF766F85C4}.AppStore|iPhoneSimulator.Build.0 = Release|Any CPU
		{0E5DC4CC-DF52-4E47-9FA8-8EDF766F85C4}.AppStore|x64.ActiveCfg = Release|Any CPU
		{0E5DC4CC-DF52-4E47-9FA8-8EDF766F85C4}.AppStore|x64.Build.0 = Release|Any CPU
		{0E5DC4CC-DF52-4E47-9FA8-8EDF766F85C4}.AppStore|x86.ActiveCfg = Release|Any CPU
		{0E5DC4CC-DF52-4E47-9FA8-8EDF766F85C4}.AppStore|x86.Build.0 = Release|Any CPU
		{0E5DC4CC-DF52-4E47-9FA8-8EDF766F85C4}.Debug|Any CPU.ActiveCfg = Debug|Any CPU
		{0E5DC4CC-DF52-4E47-9FA8-8EDF766F85C4}.Debug|Any CPU.Build.0 = Debug|Any CPU
		{0E5DC4CC-DF52-4E47-9FA8-8EDF766F85C4}.Debug|ARM.ActiveCfg = Debug|Any CPU
		{0E5DC4CC-DF52-4E47-9FA8-8EDF766F85C4}.Debug|ARM.Build.0 = Debug|Any CPU
		{0E5DC4CC-DF52-4E47-9FA8-8EDF766F85C4}.Debug|ARM64.ActiveCfg = Debug|Any CPU
		{0E5DC4CC-DF52-4E47-9FA8-8EDF766F85C4}.Debug|ARM64.Build.0 = Debug|Any CPU
		{0E5DC4CC-DF52-4E47-9FA8-8EDF766F85C4}.Debug|iPhone.ActiveCfg = Debug|Any CPU
		{0E5DC4CC-DF52-4E47-9FA8-8EDF766F85C4}.Debug|iPhone.Build.0 = Debug|Any CPU
		{0E5DC4CC-DF52-4E47-9FA8-8EDF766F85C4}.Debug|iPhoneSimulator.ActiveCfg = Debug|Any CPU
		{0E5DC4CC-DF52-4E47-9FA8-8EDF766F85C4}.Debug|iPhoneSimulator.Build.0 = Debug|Any CPU
		{0E5DC4CC-DF52-4E47-9FA8-8EDF766F85C4}.Debug|x64.ActiveCfg = Debug|Any CPU
		{0E5DC4CC-DF52-4E47-9FA8-8EDF766F85C4}.Debug|x64.Build.0 = Debug|Any CPU
		{0E5DC4CC-DF52-4E47-9FA8-8EDF766F85C4}.Debug|x86.ActiveCfg = Debug|Any CPU
		{0E5DC4CC-DF52-4E47-9FA8-8EDF766F85C4}.Debug|x86.Build.0 = Debug|Any CPU
		{0E5DC4CC-DF52-4E47-9FA8-8EDF766F85C4}.Release|Any CPU.ActiveCfg = Release|Any CPU
		{0E5DC4CC-DF52-4E47-9FA8-8EDF766F85C4}.Release|Any CPU.Build.0 = Release|Any CPU
		{0E5DC4CC-DF52-4E47-9FA8-8EDF766F85C4}.Release|ARM.ActiveCfg = Release|Any CPU
		{0E5DC4CC-DF52-4E47-9FA8-8EDF766F85C4}.Release|ARM.Build.0 = Release|Any CPU
		{0E5DC4CC-DF52-4E47-9FA8-8EDF766F85C4}.Release|ARM64.ActiveCfg = Release|Any CPU
		{0E5DC4CC-DF52-4E47-9FA8-8EDF766F85C4}.Release|ARM64.Build.0 = Release|Any CPU
		{0E5DC4CC-DF52-4E47-9FA8-8EDF766F85C4}.Release|iPhone.ActiveCfg = Release|Any CPU
		{0E5DC4CC-DF52-4E47-9FA8-8EDF766F85C4}.Release|iPhone.Build.0 = Release|Any CPU
		{0E5DC4CC-DF52-4E47-9FA8-8EDF766F85C4}.Release|iPhoneSimulator.ActiveCfg = Release|Any CPU
		{0E5DC4CC-DF52-4E47-9FA8-8EDF766F85C4}.Release|iPhoneSimulator.Build.0 = Release|Any CPU
		{0E5DC4CC-DF52-4E47-9FA8-8EDF766F85C4}.Release|x64.ActiveCfg = Release|Any CPU
		{0E5DC4CC-DF52-4E47-9FA8-8EDF766F85C4}.Release|x64.Build.0 = Release|Any CPU
		{0E5DC4CC-DF52-4E47-9FA8-8EDF766F85C4}.Release|x86.ActiveCfg = Release|Any CPU
		{0E5DC4CC-DF52-4E47-9FA8-8EDF766F85C4}.Release|x86.Build.0 = Release|Any CPU
		{5EC68D36-B6CB-4F79-AE78-143E6B58B0B4}.Ad-Hoc|Any CPU.ActiveCfg = Release|x64
		{5EC68D36-B6CB-4F79-AE78-143E6B58B0B4}.Ad-Hoc|Any CPU.Build.0 = Release|x64
		{5EC68D36-B6CB-4F79-AE78-143E6B58B0B4}.Ad-Hoc|Any CPU.Deploy.0 = Release|x64
		{5EC68D36-B6CB-4F79-AE78-143E6B58B0B4}.Ad-Hoc|ARM.ActiveCfg = Release|ARM
		{5EC68D36-B6CB-4F79-AE78-143E6B58B0B4}.Ad-Hoc|ARM.Build.0 = Release|ARM
		{5EC68D36-B6CB-4F79-AE78-143E6B58B0B4}.Ad-Hoc|ARM.Deploy.0 = Release|ARM
		{5EC68D36-B6CB-4F79-AE78-143E6B58B0B4}.Ad-Hoc|ARM64.ActiveCfg = Release|x64
		{5EC68D36-B6CB-4F79-AE78-143E6B58B0B4}.Ad-Hoc|ARM64.Build.0 = Release|x64
		{5EC68D36-B6CB-4F79-AE78-143E6B58B0B4}.Ad-Hoc|ARM64.Deploy.0 = Release|x64
		{5EC68D36-B6CB-4F79-AE78-143E6B58B0B4}.Ad-Hoc|iPhone.ActiveCfg = Release|x64
		{5EC68D36-B6CB-4F79-AE78-143E6B58B0B4}.Ad-Hoc|iPhone.Build.0 = Release|x64
		{5EC68D36-B6CB-4F79-AE78-143E6B58B0B4}.Ad-Hoc|iPhone.Deploy.0 = Release|x64
		{5EC68D36-B6CB-4F79-AE78-143E6B58B0B4}.Ad-Hoc|iPhoneSimulator.ActiveCfg = Release|x64
		{5EC68D36-B6CB-4F79-AE78-143E6B58B0B4}.Ad-Hoc|iPhoneSimulator.Build.0 = Release|x64
		{5EC68D36-B6CB-4F79-AE78-143E6B58B0B4}.Ad-Hoc|iPhoneSimulator.Deploy.0 = Release|x64
		{5EC68D36-B6CB-4F79-AE78-143E6B58B0B4}.Ad-Hoc|x64.ActiveCfg = Release|x64
		{5EC68D36-B6CB-4F79-AE78-143E6B58B0B4}.Ad-Hoc|x64.Build.0 = Release|x64
		{5EC68D36-B6CB-4F79-AE78-143E6B58B0B4}.Ad-Hoc|x64.Deploy.0 = Release|x64
		{5EC68D36-B6CB-4F79-AE78-143E6B58B0B4}.Ad-Hoc|x86.ActiveCfg = Release|x86
		{5EC68D36-B6CB-4F79-AE78-143E6B58B0B4}.Ad-Hoc|x86.Build.0 = Release|x86
		{5EC68D36-B6CB-4F79-AE78-143E6B58B0B4}.Ad-Hoc|x86.Deploy.0 = Release|x86
		{5EC68D36-B6CB-4F79-AE78-143E6B58B0B4}.AppStore|Any CPU.ActiveCfg = Release|x64
		{5EC68D36-B6CB-4F79-AE78-143E6B58B0B4}.AppStore|Any CPU.Build.0 = Release|x64
		{5EC68D36-B6CB-4F79-AE78-143E6B58B0B4}.AppStore|Any CPU.Deploy.0 = Release|x64
		{5EC68D36-B6CB-4F79-AE78-143E6B58B0B4}.AppStore|ARM.ActiveCfg = Release|ARM
		{5EC68D36-B6CB-4F79-AE78-143E6B58B0B4}.AppStore|ARM.Build.0 = Release|ARM
		{5EC68D36-B6CB-4F79-AE78-143E6B58B0B4}.AppStore|ARM.Deploy.0 = Release|ARM
		{5EC68D36-B6CB-4F79-AE78-143E6B58B0B4}.AppStore|ARM64.ActiveCfg = Release|x64
		{5EC68D36-B6CB-4F79-AE78-143E6B58B0B4}.AppStore|ARM64.Build.0 = Release|x64
		{5EC68D36-B6CB-4F79-AE78-143E6B58B0B4}.AppStore|ARM64.Deploy.0 = Release|x64
		{5EC68D36-B6CB-4F79-AE78-143E6B58B0B4}.AppStore|iPhone.ActiveCfg = Release|x64
		{5EC68D36-B6CB-4F79-AE78-143E6B58B0B4}.AppStore|iPhone.Build.0 = Release|x64
		{5EC68D36-B6CB-4F79-AE78-143E6B58B0B4}.AppStore|iPhone.Deploy.0 = Release|x64
		{5EC68D36-B6CB-4F79-AE78-143E6B58B0B4}.AppStore|iPhoneSimulator.ActiveCfg = Release|x64
		{5EC68D36-B6CB-4F79-AE78-143E6B58B0B4}.AppStore|iPhoneSimulator.Build.0 = Release|x64
		{5EC68D36-B6CB-4F79-AE78-143E6B58B0B4}.AppStore|iPhoneSimulator.Deploy.0 = Release|x64
		{5EC68D36-B6CB-4F79-AE78-143E6B58B0B4}.AppStore|x64.ActiveCfg = Release|x64
		{5EC68D36-B6CB-4F79-AE78-143E6B58B0B4}.AppStore|x64.Build.0 = Release|x64
		{5EC68D36-B6CB-4F79-AE78-143E6B58B0B4}.AppStore|x64.Deploy.0 = Release|x64
		{5EC68D36-B6CB-4F79-AE78-143E6B58B0B4}.AppStore|x86.ActiveCfg = Release|x86
		{5EC68D36-B6CB-4F79-AE78-143E6B58B0B4}.AppStore|x86.Build.0 = Release|x86
		{5EC68D36-B6CB-4F79-AE78-143E6B58B0B4}.AppStore|x86.Deploy.0 = Release|x86
		{5EC68D36-B6CB-4F79-AE78-143E6B58B0B4}.Debug|Any CPU.ActiveCfg = Debug|x86
		{5EC68D36-B6CB-4F79-AE78-143E6B58B0B4}.Debug|ARM.ActiveCfg = Debug|ARM
		{5EC68D36-B6CB-4F79-AE78-143E6B58B0B4}.Debug|ARM.Build.0 = Debug|ARM
		{5EC68D36-B6CB-4F79-AE78-143E6B58B0B4}.Debug|ARM.Deploy.0 = Debug|ARM
		{5EC68D36-B6CB-4F79-AE78-143E6B58B0B4}.Debug|ARM64.ActiveCfg = Debug|x86
		{5EC68D36-B6CB-4F79-AE78-143E6B58B0B4}.Debug|iPhone.ActiveCfg = Debug|x86
		{5EC68D36-B6CB-4F79-AE78-143E6B58B0B4}.Debug|iPhoneSimulator.ActiveCfg = Debug|x86
		{5EC68D36-B6CB-4F79-AE78-143E6B58B0B4}.Debug|x64.ActiveCfg = Debug|x64
		{5EC68D36-B6CB-4F79-AE78-143E6B58B0B4}.Debug|x64.Build.0 = Debug|x64
		{5EC68D36-B6CB-4F79-AE78-143E6B58B0B4}.Debug|x64.Deploy.0 = Debug|x64
		{5EC68D36-B6CB-4F79-AE78-143E6B58B0B4}.Debug|x86.ActiveCfg = Debug|x86
		{5EC68D36-B6CB-4F79-AE78-143E6B58B0B4}.Debug|x86.Build.0 = Debug|x86
		{5EC68D36-B6CB-4F79-AE78-143E6B58B0B4}.Debug|x86.Deploy.0 = Debug|x86
		{5EC68D36-B6CB-4F79-AE78-143E6B58B0B4}.Release|Any CPU.ActiveCfg = Release|x86
		{5EC68D36-B6CB-4F79-AE78-143E6B58B0B4}.Release|ARM.ActiveCfg = Release|ARM
		{5EC68D36-B6CB-4F79-AE78-143E6B58B0B4}.Release|ARM.Build.0 = Release|ARM
		{5EC68D36-B6CB-4F79-AE78-143E6B58B0B4}.Release|ARM.Deploy.0 = Release|ARM
		{5EC68D36-B6CB-4F79-AE78-143E6B58B0B4}.Release|ARM64.ActiveCfg = Release|x86
		{5EC68D36-B6CB-4F79-AE78-143E6B58B0B4}.Release|iPhone.ActiveCfg = Release|x86
		{5EC68D36-B6CB-4F79-AE78-143E6B58B0B4}.Release|iPhoneSimulator.ActiveCfg = Release|x86
		{5EC68D36-B6CB-4F79-AE78-143E6B58B0B4}.Release|x64.ActiveCfg = Release|x64
		{5EC68D36-B6CB-4F79-AE78-143E6B58B0B4}.Release|x64.Build.0 = Release|x64
		{5EC68D36-B6CB-4F79-AE78-143E6B58B0B4}.Release|x64.Deploy.0 = Release|x64
		{5EC68D36-B6CB-4F79-AE78-143E6B58B0B4}.Release|x86.ActiveCfg = Release|x86
		{5EC68D36-B6CB-4F79-AE78-143E6B58B0B4}.Release|x86.Build.0 = Release|x86
		{5EC68D36-B6CB-4F79-AE78-143E6B58B0B4}.Release|x86.Deploy.0 = Release|x86
		{80F4360C-7D44-4D47-BA6C-D56FDDDB5DAB}.Ad-Hoc|Any CPU.ActiveCfg = Release|Any CPU
		{80F4360C-7D44-4D47-BA6C-D56FDDDB5DAB}.Ad-Hoc|Any CPU.Build.0 = Release|Any CPU
		{80F4360C-7D44-4D47-BA6C-D56FDDDB5DAB}.Ad-Hoc|ARM.ActiveCfg = Release|Any CPU
		{80F4360C-7D44-4D47-BA6C-D56FDDDB5DAB}.Ad-Hoc|ARM.Build.0 = Release|Any CPU
		{80F4360C-7D44-4D47-BA6C-D56FDDDB5DAB}.Ad-Hoc|ARM64.ActiveCfg = Release|Any CPU
		{80F4360C-7D44-4D47-BA6C-D56FDDDB5DAB}.Ad-Hoc|ARM64.Build.0 = Release|Any CPU
		{80F4360C-7D44-4D47-BA6C-D56FDDDB5DAB}.Ad-Hoc|iPhone.ActiveCfg = Release|Any CPU
		{80F4360C-7D44-4D47-BA6C-D56FDDDB5DAB}.Ad-Hoc|iPhone.Build.0 = Release|Any CPU
		{80F4360C-7D44-4D47-BA6C-D56FDDDB5DAB}.Ad-Hoc|iPhoneSimulator.ActiveCfg = Release|Any CPU
		{80F4360C-7D44-4D47-BA6C-D56FDDDB5DAB}.Ad-Hoc|iPhoneSimulator.Build.0 = Release|Any CPU
		{80F4360C-7D44-4D47-BA6C-D56FDDDB5DAB}.Ad-Hoc|x64.ActiveCfg = Release|Any CPU
		{80F4360C-7D44-4D47-BA6C-D56FDDDB5DAB}.Ad-Hoc|x64.Build.0 = Release|Any CPU
		{80F4360C-7D44-4D47-BA6C-D56FDDDB5DAB}.Ad-Hoc|x86.ActiveCfg = Release|Any CPU
		{80F4360C-7D44-4D47-BA6C-D56FDDDB5DAB}.Ad-Hoc|x86.Build.0 = Release|Any CPU
		{80F4360C-7D44-4D47-BA6C-D56FDDDB5DAB}.AppStore|Any CPU.ActiveCfg = Release|Any CPU
		{80F4360C-7D44-4D47-BA6C-D56FDDDB5DAB}.AppStore|Any CPU.Build.0 = Release|Any CPU
		{80F4360C-7D44-4D47-BA6C-D56FDDDB5DAB}.AppStore|ARM.ActiveCfg = Release|Any CPU
		{80F4360C-7D44-4D47-BA6C-D56FDDDB5DAB}.AppStore|ARM.Build.0 = Release|Any CPU
		{80F4360C-7D44-4D47-BA6C-D56FDDDB5DAB}.AppStore|ARM64.ActiveCfg = Release|Any CPU
		{80F4360C-7D44-4D47-BA6C-D56FDDDB5DAB}.AppStore|ARM64.Build.0 = Release|Any CPU
		{80F4360C-7D44-4D47-BA6C-D56FDDDB5DAB}.AppStore|iPhone.ActiveCfg = Release|Any CPU
		{80F4360C-7D44-4D47-BA6C-D56FDDDB5DAB}.AppStore|iPhone.Build.0 = Release|Any CPU
		{80F4360C-7D44-4D47-BA6C-D56FDDDB5DAB}.AppStore|iPhoneSimulator.ActiveCfg = Release|Any CPU
		{80F4360C-7D44-4D47-BA6C-D56FDDDB5DAB}.AppStore|iPhoneSimulator.Build.0 = Release|Any CPU
		{80F4360C-7D44-4D47-BA6C-D56FDDDB5DAB}.AppStore|x64.ActiveCfg = Release|Any CPU
		{80F4360C-7D44-4D47-BA6C-D56FDDDB5DAB}.AppStore|x64.Build.0 = Release|Any CPU
		{80F4360C-7D44-4D47-BA6C-D56FDDDB5DAB}.AppStore|x86.ActiveCfg = Release|Any CPU
		{80F4360C-7D44-4D47-BA6C-D56FDDDB5DAB}.AppStore|x86.Build.0 = Release|Any CPU
		{80F4360C-7D44-4D47-BA6C-D56FDDDB5DAB}.Debug|Any CPU.ActiveCfg = Debug|Any CPU
		{80F4360C-7D44-4D47-BA6C-D56FDDDB5DAB}.Debug|Any CPU.Build.0 = Debug|Any CPU
		{80F4360C-7D44-4D47-BA6C-D56FDDDB5DAB}.Debug|ARM.ActiveCfg = Debug|Any CPU
		{80F4360C-7D44-4D47-BA6C-D56FDDDB5DAB}.Debug|ARM.Build.0 = Debug|Any CPU
		{80F4360C-7D44-4D47-BA6C-D56FDDDB5DAB}.Debug|ARM64.ActiveCfg = Debug|Any CPU
		{80F4360C-7D44-4D47-BA6C-D56FDDDB5DAB}.Debug|ARM64.Build.0 = Debug|Any CPU
		{80F4360C-7D44-4D47-BA6C-D56FDDDB5DAB}.Debug|iPhone.ActiveCfg = Debug|Any CPU
		{80F4360C-7D44-4D47-BA6C-D56FDDDB5DAB}.Debug|iPhone.Build.0 = Debug|Any CPU
		{80F4360C-7D44-4D47-BA6C-D56FDDDB5DAB}.Debug|iPhoneSimulator.ActiveCfg = Debug|Any CPU
		{80F4360C-7D44-4D47-BA6C-D56FDDDB5DAB}.Debug|iPhoneSimulator.Build.0 = Debug|Any CPU
		{80F4360C-7D44-4D47-BA6C-D56FDDDB5DAB}.Debug|x64.ActiveCfg = Debug|Any CPU
		{80F4360C-7D44-4D47-BA6C-D56FDDDB5DAB}.Debug|x64.Build.0 = Debug|Any CPU
		{80F4360C-7D44-4D47-BA6C-D56FDDDB5DAB}.Debug|x86.ActiveCfg = Debug|Any CPU
		{80F4360C-7D44-4D47-BA6C-D56FDDDB5DAB}.Debug|x86.Build.0 = Debug|Any CPU
		{80F4360C-7D44-4D47-BA6C-D56FDDDB5DAB}.Release|Any CPU.ActiveCfg = Release|Any CPU
		{80F4360C-7D44-4D47-BA6C-D56FDDDB5DAB}.Release|Any CPU.Build.0 = Release|Any CPU
		{80F4360C-7D44-4D47-BA6C-D56FDDDB5DAB}.Release|ARM.ActiveCfg = Release|Any CPU
		{80F4360C-7D44-4D47-BA6C-D56FDDDB5DAB}.Release|ARM.Build.0 = Release|Any CPU
		{80F4360C-7D44-4D47-BA6C-D56FDDDB5DAB}.Release|ARM64.ActiveCfg = Release|Any CPU
		{80F4360C-7D44-4D47-BA6C-D56FDDDB5DAB}.Release|ARM64.Build.0 = Release|Any CPU
		{80F4360C-7D44-4D47-BA6C-D56FDDDB5DAB}.Release|iPhone.ActiveCfg = Release|Any CPU
		{80F4360C-7D44-4D47-BA6C-D56FDDDB5DAB}.Release|iPhone.Build.0 = Release|Any CPU
		{80F4360C-7D44-4D47-BA6C-D56FDDDB5DAB}.Release|iPhoneSimulator.ActiveCfg = Release|Any CPU
		{80F4360C-7D44-4D47-BA6C-D56FDDDB5DAB}.Release|iPhoneSimulator.Build.0 = Release|Any CPU
		{80F4360C-7D44-4D47-BA6C-D56FDDDB5DAB}.Release|x64.ActiveCfg = Release|Any CPU
		{80F4360C-7D44-4D47-BA6C-D56FDDDB5DAB}.Release|x64.Build.0 = Release|Any CPU
		{80F4360C-7D44-4D47-BA6C-D56FDDDB5DAB}.Release|x86.ActiveCfg = Release|Any CPU
		{80F4360C-7D44-4D47-BA6C-D56FDDDB5DAB}.Release|x86.Build.0 = Release|Any CPU
		{42C96ABD-EAC6-405D-B8EE-440BD3D404ED}.Ad-Hoc|Any CPU.ActiveCfg = Release|Any CPU
		{42C96ABD-EAC6-405D-B8EE-440BD3D404ED}.Ad-Hoc|Any CPU.Build.0 = Release|Any CPU
		{42C96ABD-EAC6-405D-B8EE-440BD3D404ED}.Ad-Hoc|Any CPU.Deploy.0 = Release|Any CPU
		{42C96ABD-EAC6-405D-B8EE-440BD3D404ED}.Ad-Hoc|ARM.ActiveCfg = Release|Any CPU
		{42C96ABD-EAC6-405D-B8EE-440BD3D404ED}.Ad-Hoc|ARM.Build.0 = Release|Any CPU
		{42C96ABD-EAC6-405D-B8EE-440BD3D404ED}.Ad-Hoc|ARM.Deploy.0 = Release|Any CPU
		{42C96ABD-EAC6-405D-B8EE-440BD3D404ED}.Ad-Hoc|ARM64.ActiveCfg = Release|Any CPU
		{42C96ABD-EAC6-405D-B8EE-440BD3D404ED}.Ad-Hoc|ARM64.Build.0 = Release|Any CPU
		{42C96ABD-EAC6-405D-B8EE-440BD3D404ED}.Ad-Hoc|ARM64.Deploy.0 = Release|Any CPU
		{42C96ABD-EAC6-405D-B8EE-440BD3D404ED}.Ad-Hoc|iPhone.ActiveCfg = Release|Any CPU
		{42C96ABD-EAC6-405D-B8EE-440BD3D404ED}.Ad-Hoc|iPhone.Build.0 = Release|Any CPU
		{42C96ABD-EAC6-405D-B8EE-440BD3D404ED}.Ad-Hoc|iPhone.Deploy.0 = Release|Any CPU
		{42C96ABD-EAC6-405D-B8EE-440BD3D404ED}.Ad-Hoc|iPhoneSimulator.ActiveCfg = Release|Any CPU
		{42C96ABD-EAC6-405D-B8EE-440BD3D404ED}.Ad-Hoc|iPhoneSimulator.Build.0 = Release|Any CPU
		{42C96ABD-EAC6-405D-B8EE-440BD3D404ED}.Ad-Hoc|iPhoneSimulator.Deploy.0 = Release|Any CPU
		{42C96ABD-EAC6-405D-B8EE-440BD3D404ED}.Ad-Hoc|x64.ActiveCfg = Release|Any CPU
		{42C96ABD-EAC6-405D-B8EE-440BD3D404ED}.Ad-Hoc|x64.Build.0 = Release|Any CPU
		{42C96ABD-EAC6-405D-B8EE-440BD3D404ED}.Ad-Hoc|x64.Deploy.0 = Release|Any CPU
		{42C96ABD-EAC6-405D-B8EE-440BD3D404ED}.Ad-Hoc|x86.ActiveCfg = Release|Any CPU
		{42C96ABD-EAC6-405D-B8EE-440BD3D404ED}.Ad-Hoc|x86.Build.0 = Release|Any CPU
		{42C96ABD-EAC6-405D-B8EE-440BD3D404ED}.Ad-Hoc|x86.Deploy.0 = Release|Any CPU
		{42C96ABD-EAC6-405D-B8EE-440BD3D404ED}.AppStore|Any CPU.ActiveCfg = Release|Any CPU
		{42C96ABD-EAC6-405D-B8EE-440BD3D404ED}.AppStore|Any CPU.Build.0 = Release|Any CPU
		{42C96ABD-EAC6-405D-B8EE-440BD3D404ED}.AppStore|Any CPU.Deploy.0 = Release|Any CPU
		{42C96ABD-EAC6-405D-B8EE-440BD3D404ED}.AppStore|ARM.ActiveCfg = Release|Any CPU
		{42C96ABD-EAC6-405D-B8EE-440BD3D404ED}.AppStore|ARM.Build.0 = Release|Any CPU
		{42C96ABD-EAC6-405D-B8EE-440BD3D404ED}.AppStore|ARM.Deploy.0 = Release|Any CPU
		{42C96ABD-EAC6-405D-B8EE-440BD3D404ED}.AppStore|ARM64.ActiveCfg = Release|Any CPU
		{42C96ABD-EAC6-405D-B8EE-440BD3D404ED}.AppStore|ARM64.Build.0 = Release|Any CPU
		{42C96ABD-EAC6-405D-B8EE-440BD3D404ED}.AppStore|ARM64.Deploy.0 = Release|Any CPU
		{42C96ABD-EAC6-405D-B8EE-440BD3D404ED}.AppStore|iPhone.ActiveCfg = Release|Any CPU
		{42C96ABD-EAC6-405D-B8EE-440BD3D404ED}.AppStore|iPhone.Build.0 = Release|Any CPU
		{42C96ABD-EAC6-405D-B8EE-440BD3D404ED}.AppStore|iPhone.Deploy.0 = Release|Any CPU
		{42C96ABD-EAC6-405D-B8EE-440BD3D404ED}.AppStore|iPhoneSimulator.ActiveCfg = Release|Any CPU
		{42C96ABD-EAC6-405D-B8EE-440BD3D404ED}.AppStore|iPhoneSimulator.Build.0 = Release|Any CPU
		{42C96ABD-EAC6-405D-B8EE-440BD3D404ED}.AppStore|iPhoneSimulator.Deploy.0 = Release|Any CPU
		{42C96ABD-EAC6-405D-B8EE-440BD3D404ED}.AppStore|x64.ActiveCfg = Release|Any CPU
		{42C96ABD-EAC6-405D-B8EE-440BD3D404ED}.AppStore|x64.Build.0 = Release|Any CPU
		{42C96ABD-EAC6-405D-B8EE-440BD3D404ED}.AppStore|x64.Deploy.0 = Release|Any CPU
		{42C96ABD-EAC6-405D-B8EE-440BD3D404ED}.AppStore|x86.ActiveCfg = Release|Any CPU
		{42C96ABD-EAC6-405D-B8EE-440BD3D404ED}.AppStore|x86.Build.0 = Release|Any CPU
		{42C96ABD-EAC6-405D-B8EE-440BD3D404ED}.AppStore|x86.Deploy.0 = Release|Any CPU
		{42C96ABD-EAC6-405D-B8EE-440BD3D404ED}.Debug|Any CPU.ActiveCfg = Debug|Any CPU
		{42C96ABD-EAC6-405D-B8EE-440BD3D404ED}.Debug|Any CPU.Build.0 = Debug|Any CPU
		{42C96ABD-EAC6-405D-B8EE-440BD3D404ED}.Debug|Any CPU.Deploy.0 = Debug|Any CPU
		{42C96ABD-EAC6-405D-B8EE-440BD3D404ED}.Debug|ARM.ActiveCfg = Debug|Any CPU
		{42C96ABD-EAC6-405D-B8EE-440BD3D404ED}.Debug|ARM.Build.0 = Debug|Any CPU
		{42C96ABD-EAC6-405D-B8EE-440BD3D404ED}.Debug|ARM.Deploy.0 = Debug|Any CPU
		{42C96ABD-EAC6-405D-B8EE-440BD3D404ED}.Debug|ARM64.ActiveCfg = Debug|Any CPU
		{42C96ABD-EAC6-405D-B8EE-440BD3D404ED}.Debug|ARM64.Build.0 = Debug|Any CPU
		{42C96ABD-EAC6-405D-B8EE-440BD3D404ED}.Debug|ARM64.Deploy.0 = Debug|Any CPU
		{42C96ABD-EAC6-405D-B8EE-440BD3D404ED}.Debug|iPhone.ActiveCfg = Debug|Any CPU
		{42C96ABD-EAC6-405D-B8EE-440BD3D404ED}.Debug|iPhone.Build.0 = Debug|Any CPU
		{42C96ABD-EAC6-405D-B8EE-440BD3D404ED}.Debug|iPhone.Deploy.0 = Debug|Any CPU
		{42C96ABD-EAC6-405D-B8EE-440BD3D404ED}.Debug|iPhoneSimulator.ActiveCfg = Debug|Any CPU
		{42C96ABD-EAC6-405D-B8EE-440BD3D404ED}.Debug|iPhoneSimulator.Build.0 = Debug|Any CPU
		{42C96ABD-EAC6-405D-B8EE-440BD3D404ED}.Debug|iPhoneSimulator.Deploy.0 = Debug|Any CPU
		{42C96ABD-EAC6-405D-B8EE-440BD3D404ED}.Debug|x64.ActiveCfg = Debug|Any CPU
		{42C96ABD-EAC6-405D-B8EE-440BD3D404ED}.Debug|x64.Build.0 = Debug|Any CPU
		{42C96ABD-EAC6-405D-B8EE-440BD3D404ED}.Debug|x64.Deploy.0 = Debug|Any CPU
		{42C96ABD-EAC6-405D-B8EE-440BD3D404ED}.Debug|x86.ActiveCfg = Debug|Any CPU
		{42C96ABD-EAC6-405D-B8EE-440BD3D404ED}.Debug|x86.Build.0 = Debug|Any CPU
		{42C96ABD-EAC6-405D-B8EE-440BD3D404ED}.Debug|x86.Deploy.0 = Debug|Any CPU
		{42C96ABD-EAC6-405D-B8EE-440BD3D404ED}.Release|Any CPU.ActiveCfg = Release|Any CPU
		{42C96ABD-EAC6-405D-B8EE-440BD3D404ED}.Release|Any CPU.Build.0 = Release|Any CPU
		{42C96ABD-EAC6-405D-B8EE-440BD3D404ED}.Release|Any CPU.Deploy.0 = Release|Any CPU
		{42C96ABD-EAC6-405D-B8EE-440BD3D404ED}.Release|ARM.ActiveCfg = Release|Any CPU
		{42C96ABD-EAC6-405D-B8EE-440BD3D404ED}.Release|ARM.Build.0 = Release|Any CPU
		{42C96ABD-EAC6-405D-B8EE-440BD3D404ED}.Release|ARM.Deploy.0 = Release|Any CPU
		{42C96ABD-EAC6-405D-B8EE-440BD3D404ED}.Release|ARM64.ActiveCfg = Release|Any CPU
		{42C96ABD-EAC6-405D-B8EE-440BD3D404ED}.Release|ARM64.Build.0 = Release|Any CPU
		{42C96ABD-EAC6-405D-B8EE-440BD3D404ED}.Release|ARM64.Deploy.0 = Release|Any CPU
		{42C96ABD-EAC6-405D-B8EE-440BD3D404ED}.Release|iPhone.ActiveCfg = Release|Any CPU
		{42C96ABD-EAC6-405D-B8EE-440BD3D404ED}.Release|iPhone.Build.0 = Release|Any CPU
		{42C96ABD-EAC6-405D-B8EE-440BD3D404ED}.Release|iPhone.Deploy.0 = Release|Any CPU
		{42C96ABD-EAC6-405D-B8EE-440BD3D404ED}.Release|iPhoneSimulator.ActiveCfg = Release|Any CPU
		{42C96ABD-EAC6-405D-B8EE-440BD3D404ED}.Release|iPhoneSimulator.Build.0 = Release|Any CPU
		{42C96ABD-EAC6-405D-B8EE-440BD3D404ED}.Release|iPhoneSimulator.Deploy.0 = Release|Any CPU
		{42C96ABD-EAC6-405D-B8EE-440BD3D404ED}.Release|x64.ActiveCfg = Release|Any CPU
		{42C96ABD-EAC6-405D-B8EE-440BD3D404ED}.Release|x64.Build.0 = Release|Any CPU
		{42C96ABD-EAC6-405D-B8EE-440BD3D404ED}.Release|x64.Deploy.0 = Release|Any CPU
		{42C96ABD-EAC6-405D-B8EE-440BD3D404ED}.Release|x86.ActiveCfg = Release|Any CPU
		{42C96ABD-EAC6-405D-B8EE-440BD3D404ED}.Release|x86.Build.0 = Release|Any CPU
		{42C96ABD-EAC6-405D-B8EE-440BD3D404ED}.Release|x86.Deploy.0 = Release|Any CPU
		{DB12B804-F7F3-46ED-A1ED-E9CFC4F5EDE5}.Ad-Hoc|Any CPU.ActiveCfg = Ad-Hoc|iPhone
		{DB12B804-F7F3-46ED-A1ED-E9CFC4F5EDE5}.Ad-Hoc|ARM.ActiveCfg = Ad-Hoc|iPhone
		{DB12B804-F7F3-46ED-A1ED-E9CFC4F5EDE5}.Ad-Hoc|ARM64.ActiveCfg = Ad-Hoc|iPhone
		{DB12B804-F7F3-46ED-A1ED-E9CFC4F5EDE5}.Ad-Hoc|iPhone.ActiveCfg = Ad-Hoc|iPhone
		{DB12B804-F7F3-46ED-A1ED-E9CFC4F5EDE5}.Ad-Hoc|iPhone.Build.0 = Ad-Hoc|iPhone
		{DB12B804-F7F3-46ED-A1ED-E9CFC4F5EDE5}.Ad-Hoc|iPhoneSimulator.ActiveCfg = Ad-Hoc|iPhoneSimulator
		{DB12B804-F7F3-46ED-A1ED-E9CFC4F5EDE5}.Ad-Hoc|iPhoneSimulator.Build.0 = Ad-Hoc|iPhoneSimulator
		{DB12B804-F7F3-46ED-A1ED-E9CFC4F5EDE5}.Ad-Hoc|x64.ActiveCfg = Ad-Hoc|iPhone
		{DB12B804-F7F3-46ED-A1ED-E9CFC4F5EDE5}.Ad-Hoc|x86.ActiveCfg = Ad-Hoc|iPhone
		{DB12B804-F7F3-46ED-A1ED-E9CFC4F5EDE5}.AppStore|Any CPU.ActiveCfg = AppStore|iPhone
		{DB12B804-F7F3-46ED-A1ED-E9CFC4F5EDE5}.AppStore|ARM.ActiveCfg = AppStore|iPhone
		{DB12B804-F7F3-46ED-A1ED-E9CFC4F5EDE5}.AppStore|ARM64.ActiveCfg = AppStore|iPhone
		{DB12B804-F7F3-46ED-A1ED-E9CFC4F5EDE5}.AppStore|iPhone.ActiveCfg = AppStore|iPhone
		{DB12B804-F7F3-46ED-A1ED-E9CFC4F5EDE5}.AppStore|iPhone.Build.0 = AppStore|iPhone
		{DB12B804-F7F3-46ED-A1ED-E9CFC4F5EDE5}.AppStore|iPhoneSimulator.ActiveCfg = AppStore|iPhoneSimulator
		{DB12B804-F7F3-46ED-A1ED-E9CFC4F5EDE5}.AppStore|iPhoneSimulator.Build.0 = AppStore|iPhoneSimulator
		{DB12B804-F7F3-46ED-A1ED-E9CFC4F5EDE5}.AppStore|x64.ActiveCfg = AppStore|iPhone
		{DB12B804-F7F3-46ED-A1ED-E9CFC4F5EDE5}.AppStore|x86.ActiveCfg = AppStore|iPhone
		{DB12B804-F7F3-46ED-A1ED-E9CFC4F5EDE5}.Debug|Any CPU.ActiveCfg = Debug|iPhone
		{DB12B804-F7F3-46ED-A1ED-E9CFC4F5EDE5}.Debug|ARM.ActiveCfg = Debug|iPhone
		{DB12B804-F7F3-46ED-A1ED-E9CFC4F5EDE5}.Debug|ARM64.ActiveCfg = Debug|iPhone
		{DB12B804-F7F3-46ED-A1ED-E9CFC4F5EDE5}.Debug|iPhone.ActiveCfg = Debug|iPhone
		{DB12B804-F7F3-46ED-A1ED-E9CFC4F5EDE5}.Debug|iPhone.Build.0 = Debug|iPhone
		{DB12B804-F7F3-46ED-A1ED-E9CFC4F5EDE5}.Debug|iPhoneSimulator.ActiveCfg = Debug|iPhoneSimulator
		{DB12B804-F7F3-46ED-A1ED-E9CFC4F5EDE5}.Debug|iPhoneSimulator.Build.0 = Debug|iPhoneSimulator
		{DB12B804-F7F3-46ED-A1ED-E9CFC4F5EDE5}.Debug|x64.ActiveCfg = Debug|iPhone
		{DB12B804-F7F3-46ED-A1ED-E9CFC4F5EDE5}.Debug|x86.ActiveCfg = Debug|iPhone
		{DB12B804-F7F3-46ED-A1ED-E9CFC4F5EDE5}.Release|Any CPU.ActiveCfg = Release|iPhone
		{DB12B804-F7F3-46ED-A1ED-E9CFC4F5EDE5}.Release|ARM.ActiveCfg = Release|iPhone
		{DB12B804-F7F3-46ED-A1ED-E9CFC4F5EDE5}.Release|ARM64.ActiveCfg = Release|iPhone
		{DB12B804-F7F3-46ED-A1ED-E9CFC4F5EDE5}.Release|iPhone.ActiveCfg = Release|iPhone
		{DB12B804-F7F3-46ED-A1ED-E9CFC4F5EDE5}.Release|iPhone.Build.0 = Release|iPhone
		{DB12B804-F7F3-46ED-A1ED-E9CFC4F5EDE5}.Release|iPhoneSimulator.ActiveCfg = Release|iPhoneSimulator
		{DB12B804-F7F3-46ED-A1ED-E9CFC4F5EDE5}.Release|iPhoneSimulator.Build.0 = Release|iPhoneSimulator
		{DB12B804-F7F3-46ED-A1ED-E9CFC4F5EDE5}.Release|x64.ActiveCfg = Release|iPhone
		{DB12B804-F7F3-46ED-A1ED-E9CFC4F5EDE5}.Release|x86.ActiveCfg = Release|iPhone
		{163111CC-E7B5-4A92-9B17-16CA6DE3DA73}.Ad-Hoc|Any CPU.ActiveCfg = Debug|Any CPU
		{163111CC-E7B5-4A92-9B17-16CA6DE3DA73}.Ad-Hoc|Any CPU.Build.0 = Debug|Any CPU
		{163111CC-E7B5-4A92-9B17-16CA6DE3DA73}.Ad-Hoc|ARM.ActiveCfg = Debug|Any CPU
		{163111CC-E7B5-4A92-9B17-16CA6DE3DA73}.Ad-Hoc|ARM.Build.0 = Debug|Any CPU
		{163111CC-E7B5-4A92-9B17-16CA6DE3DA73}.Ad-Hoc|ARM64.ActiveCfg = Debug|Any CPU
		{163111CC-E7B5-4A92-9B17-16CA6DE3DA73}.Ad-Hoc|ARM64.Build.0 = Debug|Any CPU
		{163111CC-E7B5-4A92-9B17-16CA6DE3DA73}.Ad-Hoc|iPhone.ActiveCfg = Debug|Any CPU
		{163111CC-E7B5-4A92-9B17-16CA6DE3DA73}.Ad-Hoc|iPhone.Build.0 = Debug|Any CPU
		{163111CC-E7B5-4A92-9B17-16CA6DE3DA73}.Ad-Hoc|iPhoneSimulator.ActiveCfg = Debug|Any CPU
		{163111CC-E7B5-4A92-9B17-16CA6DE3DA73}.Ad-Hoc|iPhoneSimulator.Build.0 = Debug|Any CPU
		{163111CC-E7B5-4A92-9B17-16CA6DE3DA73}.Ad-Hoc|x64.ActiveCfg = Debug|Any CPU
		{163111CC-E7B5-4A92-9B17-16CA6DE3DA73}.Ad-Hoc|x64.Build.0 = Debug|Any CPU
		{163111CC-E7B5-4A92-9B17-16CA6DE3DA73}.Ad-Hoc|x86.ActiveCfg = Debug|Any CPU
		{163111CC-E7B5-4A92-9B17-16CA6DE3DA73}.Ad-Hoc|x86.Build.0 = Debug|Any CPU
		{163111CC-E7B5-4A92-9B17-16CA6DE3DA73}.AppStore|Any CPU.ActiveCfg = Debug|Any CPU
		{163111CC-E7B5-4A92-9B17-16CA6DE3DA73}.AppStore|Any CPU.Build.0 = Debug|Any CPU
		{163111CC-E7B5-4A92-9B17-16CA6DE3DA73}.AppStore|ARM.ActiveCfg = Debug|Any CPU
		{163111CC-E7B5-4A92-9B17-16CA6DE3DA73}.AppStore|ARM.Build.0 = Debug|Any CPU
		{163111CC-E7B5-4A92-9B17-16CA6DE3DA73}.AppStore|ARM64.ActiveCfg = Debug|Any CPU
		{163111CC-E7B5-4A92-9B17-16CA6DE3DA73}.AppStore|ARM64.Build.0 = Debug|Any CPU
		{163111CC-E7B5-4A92-9B17-16CA6DE3DA73}.AppStore|iPhone.ActiveCfg = Debug|Any CPU
		{163111CC-E7B5-4A92-9B17-16CA6DE3DA73}.AppStore|iPhone.Build.0 = Debug|Any CPU
		{163111CC-E7B5-4A92-9B17-16CA6DE3DA73}.AppStore|iPhoneSimulator.ActiveCfg = Debug|Any CPU
		{163111CC-E7B5-4A92-9B17-16CA6DE3DA73}.AppStore|iPhoneSimulator.Build.0 = Debug|Any CPU
		{163111CC-E7B5-4A92-9B17-16CA6DE3DA73}.AppStore|x64.ActiveCfg = Debug|Any CPU
		{163111CC-E7B5-4A92-9B17-16CA6DE3DA73}.AppStore|x64.Build.0 = Debug|Any CPU
		{163111CC-E7B5-4A92-9B17-16CA6DE3DA73}.AppStore|x86.ActiveCfg = Debug|Any CPU
		{163111CC-E7B5-4A92-9B17-16CA6DE3DA73}.AppStore|x86.Build.0 = Debug|Any CPU
		{163111CC-E7B5-4A92-9B17-16CA6DE3DA73}.Debug|Any CPU.ActiveCfg = Debug|Any CPU
		{163111CC-E7B5-4A92-9B17-16CA6DE3DA73}.Debug|Any CPU.Build.0 = Debug|Any CPU
		{163111CC-E7B5-4A92-9B17-16CA6DE3DA73}.Debug|ARM.ActiveCfg = Debug|Any CPU
		{163111CC-E7B5-4A92-9B17-16CA6DE3DA73}.Debug|ARM.Build.0 = Debug|Any CPU
		{163111CC-E7B5-4A92-9B17-16CA6DE3DA73}.Debug|ARM64.ActiveCfg = Debug|Any CPU
		{163111CC-E7B5-4A92-9B17-16CA6DE3DA73}.Debug|ARM64.Build.0 = Debug|Any CPU
		{163111CC-E7B5-4A92-9B17-16CA6DE3DA73}.Debug|iPhone.ActiveCfg = Debug|Any CPU
		{163111CC-E7B5-4A92-9B17-16CA6DE3DA73}.Debug|iPhone.Build.0 = Debug|Any CPU
		{163111CC-E7B5-4A92-9B17-16CA6DE3DA73}.Debug|iPhoneSimulator.ActiveCfg = Debug|Any CPU
		{163111CC-E7B5-4A92-9B17-16CA6DE3DA73}.Debug|iPhoneSimulator.Build.0 = Debug|Any CPU
		{163111CC-E7B5-4A92-9B17-16CA6DE3DA73}.Debug|x64.ActiveCfg = Debug|Any CPU
		{163111CC-E7B5-4A92-9B17-16CA6DE3DA73}.Debug|x64.Build.0 = Debug|Any CPU
		{163111CC-E7B5-4A92-9B17-16CA6DE3DA73}.Debug|x86.ActiveCfg = Debug|Any CPU
		{163111CC-E7B5-4A92-9B17-16CA6DE3DA73}.Debug|x86.Build.0 = Debug|Any CPU
		{163111CC-E7B5-4A92-9B17-16CA6DE3DA73}.Release|Any CPU.ActiveCfg = Release|Any CPU
		{163111CC-E7B5-4A92-9B17-16CA6DE3DA73}.Release|Any CPU.Build.0 = Release|Any CPU
		{163111CC-E7B5-4A92-9B17-16CA6DE3DA73}.Release|ARM.ActiveCfg = Release|Any CPU
		{163111CC-E7B5-4A92-9B17-16CA6DE3DA73}.Release|ARM.Build.0 = Release|Any CPU
		{163111CC-E7B5-4A92-9B17-16CA6DE3DA73}.Release|ARM64.ActiveCfg = Release|Any CPU
		{163111CC-E7B5-4A92-9B17-16CA6DE3DA73}.Release|ARM64.Build.0 = Release|Any CPU
		{163111CC-E7B5-4A92-9B17-16CA6DE3DA73}.Release|iPhone.ActiveCfg = Release|Any CPU
		{163111CC-E7B5-4A92-9B17-16CA6DE3DA73}.Release|iPhone.Build.0 = Release|Any CPU
		{163111CC-E7B5-4A92-9B17-16CA6DE3DA73}.Release|iPhoneSimulator.ActiveCfg = Release|Any CPU
		{163111CC-E7B5-4A92-9B17-16CA6DE3DA73}.Release|iPhoneSimulator.Build.0 = Release|Any CPU
		{163111CC-E7B5-4A92-9B17-16CA6DE3DA73}.Release|x64.ActiveCfg = Release|Any CPU
		{163111CC-E7B5-4A92-9B17-16CA6DE3DA73}.Release|x64.Build.0 = Release|Any CPU
		{163111CC-E7B5-4A92-9B17-16CA6DE3DA73}.Release|x86.ActiveCfg = Release|Any CPU
		{163111CC-E7B5-4A92-9B17-16CA6DE3DA73}.Release|x86.Build.0 = Release|Any CPU
	EndGlobalSection
	GlobalSection(SolutionProperties) = preSolution
		HideSolutionNode = FALSE
	EndGlobalSection
	GlobalSection(ExtensibilityGlobals) = postSolution
		SolutionGuid = {55FFCE2A-E288-43BB-9375-F9335CD092B5}
	EndGlobalSection
EndGlobal
